// !$*UTF8*$!
{
	archiveVersion = 1;
	classes = {
	};
	objectVersion = 56;
	objects = {

/* Begin PBXBuildFile section */
		E20005C12C28A31F00DB8615 /* PostHog in Frameworks */ = {isa = PBXBuildFile; productRef = E20005C02C28A31F00DB8615 /* PostHog */; };
		E208F9722C3C2541000ACAE2 /* LaunchAtLogin in Frameworks */ = {isa = PBXBuildFile; productRef = E208F9712C3C2541000ACAE2 /* LaunchAtLogin */; };
		E208F9742C3C255B000ACAE2 /* SQLite in Frameworks */ = {isa = PBXBuildFile; productRef = E208F9732C3C255B000ACAE2 /* SQLite */; };
		E20BA1C92C0164C90052B8FC /* SQLite.swift in Resources */ = {isa = PBXBuildFile; fileRef = E20BA19B2C0164C90052B8FC /* SQLite.swift */; };
		E20BA1CA2C0164C90052B8FC /* applypatch-msg.sample in Resources */ = {isa = PBXBuildFile; fileRef = E20BA19D2C0164C90052B8FC /* applypatch-msg.sample */; };
		E20BA1CB2C0164C90052B8FC /* commit-msg.sample in Resources */ = {isa = PBXBuildFile; fileRef = E20BA19E2C0164C90052B8FC /* commit-msg.sample */; };
		E20BA1CC2C0164C90052B8FC /* fsmonitor-watchman.sample in Resources */ = {isa = PBXBuildFile; fileRef = E20BA19F2C0164C90052B8FC /* fsmonitor-watchman.sample */; };
		E20BA1CD2C0164C90052B8FC /* post-update.sample in Resources */ = {isa = PBXBuildFile; fileRef = E20BA1A02C0164C90052B8FC /* post-update.sample */; };
		E20BA1CE2C0164C90052B8FC /* pre-applypatch.sample in Resources */ = {isa = PBXBuildFile; fileRef = E20BA1A12C0164C90052B8FC /* pre-applypatch.sample */; };
		E20BA1CF2C0164C90052B8FC /* pre-commit.sample in Resources */ = {isa = PBXBuildFile; fileRef = E20BA1A22C0164C90052B8FC /* pre-commit.sample */; };
		E20BA1D02C0164C90052B8FC /* pre-merge-commit.sample in Resources */ = {isa = PBXBuildFile; fileRef = E20BA1A32C0164C90052B8FC /* pre-merge-commit.sample */; };
		E20BA1D12C0164C90052B8FC /* pre-push.sample in Resources */ = {isa = PBXBuildFile; fileRef = E20BA1A42C0164C90052B8FC /* pre-push.sample */; };
		E20BA1D22C0164C90052B8FC /* pre-rebase.sample in Resources */ = {isa = PBXBuildFile; fileRef = E20BA1A52C0164C90052B8FC /* pre-rebase.sample */; };
		E20BA1D32C0164C90052B8FC /* pre-receive.sample in Resources */ = {isa = PBXBuildFile; fileRef = E20BA1A62C0164C90052B8FC /* pre-receive.sample */; };
		E20BA1D42C0164C90052B8FC /* prepare-commit-msg.sample in Resources */ = {isa = PBXBuildFile; fileRef = E20BA1A72C0164C90052B8FC /* prepare-commit-msg.sample */; };
		E20BA1D52C0164C90052B8FC /* push-to-checkout.sample in Resources */ = {isa = PBXBuildFile; fileRef = E20BA1A82C0164C90052B8FC /* push-to-checkout.sample */; };
		E20BA1D62C0164C90052B8FC /* update.sample in Resources */ = {isa = PBXBuildFile; fileRef = E20BA1A92C0164C90052B8FC /* update.sample */; };
		E20BA1D72C0164C90052B8FC /* exclude in Resources */ = {isa = PBXBuildFile; fileRef = E20BA1AB2C0164C90052B8FC /* exclude */; };
		E20BA1D82C0164C90052B8FC /* pack-07d55130e87ad72ba68348e3b29ebc787e2001fd.idx in Resources */ = {isa = PBXBuildFile; fileRef = E20BA1AE2C0164C90052B8FC /* pack-07d55130e87ad72ba68348e3b29ebc787e2001fd.idx */; };
		E20BA1D92C0164C90052B8FC /* pack-07d55130e87ad72ba68348e3b29ebc787e2001fd.pack in Resources */ = {isa = PBXBuildFile; fileRef = E20BA1AF2C0164C90052B8FC /* pack-07d55130e87ad72ba68348e3b29ebc787e2001fd.pack */; };
		E20BA1DA2C0164C90052B8FC /* config in Resources */ = {isa = PBXBuildFile; fileRef = E20BA1B52C0164C90052B8FC /* config */; };
		E20BA1DB2C0164C90052B8FC /* description in Resources */ = {isa = PBXBuildFile; fileRef = E20BA1B62C0164C90052B8FC /* description */; };
		E20BA1DC2C0164C90052B8FC /* FETCH_HEAD in Resources */ = {isa = PBXBuildFile; fileRef = E20BA1B72C0164C90052B8FC /* FETCH_HEAD */; };
		E20BA1DD2C0164C90052B8FC /* HEAD in Resources */ = {isa = PBXBuildFile; fileRef = E20BA1B82C0164C90052B8FC /* HEAD */; };
		E20BA1DE2C0164C90052B8FC /* packed-refs in Resources */ = {isa = PBXBuildFile; fileRef = E20BA1B92C0164C90052B8FC /* packed-refs */; };
		E20BA1DF2C0164C90052B8FC /* workspace-state.json in Resources */ = {isa = PBXBuildFile; fileRef = E20BA1BC2C0164C90052B8FC /* workspace-state.json */; };
		E20BA1E02C0164C90052B8FC /* Preview Assets.xcassets in Resources */ = {isa = PBXBuildFile; fileRef = E20BA1BE2C0164C90052B8FC /* Preview Assets.xcassets */; };
		E20BA1E12C0164C90052B8FC /* .gitignore in Resources */ = {isa = PBXBuildFile; fileRef = E20BA1C02C0164C90052B8FC /* .gitignore */; };
		E20BA1E22C0164C90052B8FC /* AppMenu.swift in Sources */ = {isa = PBXBuildFile; fileRef = E20BA1C12C0164C90052B8FC /* AppMenu.swift */; };
		E20BA1E32C0164C90052B8FC /* Assets.xcassets in Resources */ = {isa = PBXBuildFile; fileRef = E20BA1C22C0164C90052B8FC /* Assets.xcassets */; };
		E20BA1E42C0164C90052B8FC /* faktorApp.swift in Sources */ = {isa = PBXBuildFile; fileRef = E20BA1C42C0164C90052B8FC /* faktorApp.swift */; };
		E220407A2C06770000846029 /* Logging in Frameworks */ = {isa = PBXBuildFile; productRef = E22040792C06770000846029 /* Logging */; };
		E220407C2C06BE2300846029 /* BrowserManager.swift in Sources */ = {isa = PBXBuildFile; fileRef = E220407B2C06BE2300846029 /* BrowserManager.swift */; };
		E230C0942C1520F900C2BF61 /* testMessages.json in Resources */ = {isa = PBXBuildFile; fileRef = E230C0932C1520F800C2BF61 /* testMessages.json */; };
		E282AA622C03DC660016CDA8 /* NotificationManager.swift in Sources */ = {isa = PBXBuildFile; fileRef = E282AA612C03DC660016CDA8 /* NotificationManager.swift */; };
		E299E09E2C026A0900F1BDB5 /* Defaults in Frameworks */ = {isa = PBXBuildFile; productRef = E299E09D2C026A0900F1BDB5 /* Defaults */; };
		E299E0A82C02719A00F1BDB5 /* CustomOTPParser.swift in Sources */ = {isa = PBXBuildFile; fileRef = E299E0A12C02719A00F1BDB5 /* CustomOTPParser.swift */; };
		E299E0A92C02719A00F1BDB5 /* CustomOTPParsers.swift in Sources */ = {isa = PBXBuildFile; fileRef = E299E0A22C02719A00F1BDB5 /* CustomOTPParsers.swift */; };
		E299E0AA2C02719A00F1BDB5 /* Extensions.swift in Sources */ = {isa = PBXBuildFile; fileRef = E299E0A32C02719A00F1BDB5 /* Extensions.swift */; };
		E299E0AB2C02719A00F1BDB5 /* OTPParser.swift in Sources */ = {isa = PBXBuildFile; fileRef = E299E0A42C02719A00F1BDB5 /* OTPParser.swift */; };
		E299E0AC2C02719A00F1BDB5 /* OTPParserConfiguration.swift in Sources */ = {isa = PBXBuildFile; fileRef = E299E0A52C02719A00F1BDB5 /* OTPParserConfiguration.swift */; };
		E299E0AD2C02719A00F1BDB5 /* OTPParserContants.swift in Sources */ = {isa = PBXBuildFile; fileRef = E299E0A62C02719A00F1BDB5 /* OTPParserContants.swift */; };
		E299E0B22C0271A100F1BDB5 /* MessageManager.swift in Sources */ = {isa = PBXBuildFile; fileRef = E299E0AE2C0271A100F1BDB5 /* MessageManager.swift */; };
		E299E0B32C0271A100F1BDB5 /* Message.swift in Sources */ = {isa = PBXBuildFile; fileRef = E299E0B02C0271A100F1BDB5 /* Message.swift */; };
		E299E0B52C02806A00F1BDB5 /* ParsedOTP.swift in Sources */ = {isa = PBXBuildFile; fileRef = E299E0B42C02806A00F1BDB5 /* ParsedOTP.swift */; };
		E299E0B72C0280A200F1BDB5 /* String.swift in Sources */ = {isa = PBXBuildFile; fileRef = E299E0B62C0280A200F1BDB5 /* String.swift */; };
		E299E0B92C02827E00F1BDB5 /* AppStateManager.swift in Sources */ = {isa = PBXBuildFile; fileRef = E299E0B82C02827E00F1BDB5 /* AppStateManager.swift */; };
		E2C527C72C39B1D90085ECC7 /* SettingsView.swift in Sources */ = {isa = PBXBuildFile; fileRef = E2C527C62C39B1D90085ECC7 /* SettingsView.swift */; };
		E2C527C92C39C2210085ECC7 /* GeneralSettingsView.swift in Sources */ = {isa = PBXBuildFile; fileRef = E2C527C82C39C2210085ECC7 /* GeneralSettingsView.swift */; };
		E2C527CB2C39C24A0085ECC7 /* AboutSettingsView.swift in Sources */ = {isa = PBXBuildFile; fileRef = E2C527CA2C39C24A0085ECC7 /* AboutSettingsView.swift */; };
		E2C527CD2C39E37E0085ECC7 /* Main.swift in Sources */ = {isa = PBXBuildFile; fileRef = E2C527CC2C39E37E0085ECC7 /* Main.swift */; };
		E2C527CF2C3A00D80085ECC7 /* LogsViewer.swift in Sources */ = {isa = PBXBuildFile; fileRef = E2C527CE2C3A00D80085ECC7 /* LogsViewer.swift */; };
		E2C527E02C3B4F600085ECC7 /* FaktorTests.swift in Sources */ = {isa = PBXBuildFile; fileRef = E2C527D12C3B4E860085ECC7 /* FaktorTests.swift */; };
		E2EF8F8A2C04D3E100AC3652 /* Telegraph in Frameworks */ = {isa = PBXBuildFile; productRef = E2EF8F892C04D3E100AC3652 /* Telegraph */; };
/* End PBXBuildFile section */

/* Begin PBXContainerItemProxy section */
		E2C527DB2C3B4F550085ECC7 /* PBXContainerItemProxy */ = {
			isa = PBXContainerItemProxy;
			containerPortal = E22C9AFC2C01517100D2984D /* Project object */;
			proxyType = 1;
			remoteGlobalIDString = E22C9B032C01517100D2984D;
			remoteInfo = faktor;
		};
/* End PBXContainerItemProxy section */

/* Begin PBXFileReference section */
		E20BA19B2C0164C90052B8FC /* SQLite.swift */ = {isa = PBXFileReference; lastKnownFileType = wrapper; path = SQLite.swift; sourceTree = "<group>"; };
		E20BA19D2C0164C90052B8FC /* applypatch-msg.sample */ = {isa = PBXFileReference; fileEncoding = 4; lastKnownFileType = text.script.sh; path = "applypatch-msg.sample"; sourceTree = "<group>"; };
		E20BA19E2C0164C90052B8FC /* commit-msg.sample */ = {isa = PBXFileReference; fileEncoding = 4; lastKnownFileType = text.script.sh; path = "commit-msg.sample"; sourceTree = "<group>"; };
		E20BA19F2C0164C90052B8FC /* fsmonitor-watchman.sample */ = {isa = PBXFileReference; fileEncoding = 4; lastKnownFileType = text.script.perl; path = "fsmonitor-watchman.sample"; sourceTree = "<group>"; };
		E20BA1A02C0164C90052B8FC /* post-update.sample */ = {isa = PBXFileReference; fileEncoding = 4; lastKnownFileType = text.script.sh; path = "post-update.sample"; sourceTree = "<group>"; };
		E20BA1A12C0164C90052B8FC /* pre-applypatch.sample */ = {isa = PBXFileReference; fileEncoding = 4; lastKnownFileType = text.script.sh; path = "pre-applypatch.sample"; sourceTree = "<group>"; };
		E20BA1A22C0164C90052B8FC /* pre-commit.sample */ = {isa = PBXFileReference; fileEncoding = 4; lastKnownFileType = text.script.sh; path = "pre-commit.sample"; sourceTree = "<group>"; };
		E20BA1A32C0164C90052B8FC /* pre-merge-commit.sample */ = {isa = PBXFileReference; fileEncoding = 4; lastKnownFileType = text.script.sh; path = "pre-merge-commit.sample"; sourceTree = "<group>"; };
		E20BA1A42C0164C90052B8FC /* pre-push.sample */ = {isa = PBXFileReference; fileEncoding = 4; lastKnownFileType = text.script.sh; path = "pre-push.sample"; sourceTree = "<group>"; };
		E20BA1A52C0164C90052B8FC /* pre-rebase.sample */ = {isa = PBXFileReference; fileEncoding = 4; lastKnownFileType = text.script.sh; path = "pre-rebase.sample"; sourceTree = "<group>"; };
		E20BA1A62C0164C90052B8FC /* pre-receive.sample */ = {isa = PBXFileReference; fileEncoding = 4; lastKnownFileType = text.script.sh; path = "pre-receive.sample"; sourceTree = "<group>"; };
		E20BA1A72C0164C90052B8FC /* prepare-commit-msg.sample */ = {isa = PBXFileReference; fileEncoding = 4; lastKnownFileType = text.script.sh; path = "prepare-commit-msg.sample"; sourceTree = "<group>"; };
		E20BA1A82C0164C90052B8FC /* push-to-checkout.sample */ = {isa = PBXFileReference; fileEncoding = 4; lastKnownFileType = text.script.sh; path = "push-to-checkout.sample"; sourceTree = "<group>"; };
		E20BA1A92C0164C90052B8FC /* update.sample */ = {isa = PBXFileReference; fileEncoding = 4; lastKnownFileType = text.script.sh; path = update.sample; sourceTree = "<group>"; };
		E20BA1AB2C0164C90052B8FC /* exclude */ = {isa = PBXFileReference; fileEncoding = 4; lastKnownFileType = text; path = exclude; sourceTree = "<group>"; };
		E20BA1AE2C0164C90052B8FC /* pack-07d55130e87ad72ba68348e3b29ebc787e2001fd.idx */ = {isa = PBXFileReference; lastKnownFileType = file; path = "pack-07d55130e87ad72ba68348e3b29ebc787e2001fd.idx"; sourceTree = "<group>"; };
		E20BA1AF2C0164C90052B8FC /* pack-07d55130e87ad72ba68348e3b29ebc787e2001fd.pack */ = {isa = PBXFileReference; lastKnownFileType = file; path = "pack-07d55130e87ad72ba68348e3b29ebc787e2001fd.pack"; sourceTree = "<group>"; };
		E20BA1B52C0164C90052B8FC /* config */ = {isa = PBXFileReference; fileEncoding = 4; lastKnownFileType = text; path = config; sourceTree = "<group>"; };
		E20BA1B62C0164C90052B8FC /* description */ = {isa = PBXFileReference; fileEncoding = 4; lastKnownFileType = text; path = description; sourceTree = "<group>"; };
		E20BA1B72C0164C90052B8FC /* FETCH_HEAD */ = {isa = PBXFileReference; fileEncoding = 4; lastKnownFileType = text; path = FETCH_HEAD; sourceTree = "<group>"; };
		E20BA1B82C0164C90052B8FC /* HEAD */ = {isa = PBXFileReference; fileEncoding = 4; lastKnownFileType = text; path = HEAD; sourceTree = "<group>"; };
		E20BA1B92C0164C90052B8FC /* packed-refs */ = {isa = PBXFileReference; fileEncoding = 4; lastKnownFileType = text; path = "packed-refs"; sourceTree = "<group>"; };
		E20BA1BC2C0164C90052B8FC /* workspace-state.json */ = {isa = PBXFileReference; fileEncoding = 4; lastKnownFileType = text.json; path = "workspace-state.json"; sourceTree = "<group>"; };
		E20BA1BE2C0164C90052B8FC /* Preview Assets.xcassets */ = {isa = PBXFileReference; lastKnownFileType = folder.assetcatalog; path = "Preview Assets.xcassets"; sourceTree = "<group>"; };
		E20BA1C02C0164C90052B8FC /* .gitignore */ = {isa = PBXFileReference; fileEncoding = 4; lastKnownFileType = text; path = .gitignore; sourceTree = "<group>"; };
		E20BA1C12C0164C90052B8FC /* AppMenu.swift */ = {isa = PBXFileReference; fileEncoding = 4; lastKnownFileType = sourcecode.swift; path = AppMenu.swift; sourceTree = "<group>"; };
		E20BA1C22C0164C90052B8FC /* Assets.xcassets */ = {isa = PBXFileReference; lastKnownFileType = folder.assetcatalog; path = Assets.xcassets; sourceTree = "<group>"; };
		E20BA1C32C0164C90052B8FC /* faktor.entitlements */ = {isa = PBXFileReference; fileEncoding = 4; lastKnownFileType = text.plist.entitlements; path = faktor.entitlements; sourceTree = "<group>"; };
		E20BA1C42C0164C90052B8FC /* faktorApp.swift */ = {isa = PBXFileReference; fileEncoding = 4; lastKnownFileType = sourcecode.swift; path = faktorApp.swift; sourceTree = "<group>"; };
		E220407B2C06BE2300846029 /* BrowserManager.swift */ = {isa = PBXFileReference; lastKnownFileType = sourcecode.swift; path = BrowserManager.swift; sourceTree = "<group>"; };
		E22C9B042C01517100D2984D /* Faktor.app */ = {isa = PBXFileReference; explicitFileType = wrapper.application; includeInIndex = 0; path = Faktor.app; sourceTree = BUILT_PRODUCTS_DIR; };
		E230C0932C1520F800C2BF61 /* testMessages.json */ = {isa = PBXFileReference; lastKnownFileType = text.json; path = testMessages.json; sourceTree = "<group>"; };
		E282AA612C03DC660016CDA8 /* NotificationManager.swift */ = {isa = PBXFileReference; lastKnownFileType = sourcecode.swift; path = NotificationManager.swift; sourceTree = "<group>"; };
		E299E0A12C02719A00F1BDB5 /* CustomOTPParser.swift */ = {isa = PBXFileReference; fileEncoding = 4; lastKnownFileType = sourcecode.swift; path = CustomOTPParser.swift; sourceTree = "<group>"; };
		E299E0A22C02719A00F1BDB5 /* CustomOTPParsers.swift */ = {isa = PBXFileReference; fileEncoding = 4; lastKnownFileType = sourcecode.swift; path = CustomOTPParsers.swift; sourceTree = "<group>"; };
		E299E0A32C02719A00F1BDB5 /* Extensions.swift */ = {isa = PBXFileReference; fileEncoding = 4; lastKnownFileType = sourcecode.swift; path = Extensions.swift; sourceTree = "<group>"; };
		E299E0A42C02719A00F1BDB5 /* OTPParser.swift */ = {isa = PBXFileReference; fileEncoding = 4; lastKnownFileType = sourcecode.swift; path = OTPParser.swift; sourceTree = "<group>"; };
		E299E0A52C02719A00F1BDB5 /* OTPParserConfiguration.swift */ = {isa = PBXFileReference; fileEncoding = 4; lastKnownFileType = sourcecode.swift; path = OTPParserConfiguration.swift; sourceTree = "<group>"; };
		E299E0A62C02719A00F1BDB5 /* OTPParserContants.swift */ = {isa = PBXFileReference; fileEncoding = 4; lastKnownFileType = sourcecode.swift; path = OTPParserContants.swift; sourceTree = "<group>"; };
		E299E0AE2C0271A100F1BDB5 /* MessageManager.swift */ = {isa = PBXFileReference; fileEncoding = 4; lastKnownFileType = sourcecode.swift; path = MessageManager.swift; sourceTree = "<group>"; };
		E299E0B02C0271A100F1BDB5 /* Message.swift */ = {isa = PBXFileReference; fileEncoding = 4; lastKnownFileType = sourcecode.swift; path = Message.swift; sourceTree = "<group>"; };
		E299E0B42C02806A00F1BDB5 /* ParsedOTP.swift */ = {isa = PBXFileReference; lastKnownFileType = sourcecode.swift; path = ParsedOTP.swift; sourceTree = "<group>"; };
		E299E0B62C0280A200F1BDB5 /* String.swift */ = {isa = PBXFileReference; lastKnownFileType = sourcecode.swift; path = String.swift; sourceTree = "<group>"; };
		E299E0B82C02827E00F1BDB5 /* AppStateManager.swift */ = {isa = PBXFileReference; lastKnownFileType = sourcecode.swift; path = AppStateManager.swift; sourceTree = "<group>"; };
		E2C527C62C39B1D90085ECC7 /* SettingsView.swift */ = {isa = PBXFileReference; lastKnownFileType = sourcecode.swift; path = SettingsView.swift; sourceTree = "<group>"; };
		E2C527C82C39C2210085ECC7 /* GeneralSettingsView.swift */ = {isa = PBXFileReference; lastKnownFileType = sourcecode.swift; path = GeneralSettingsView.swift; sourceTree = "<group>"; };
		E2C527CA2C39C24A0085ECC7 /* AboutSettingsView.swift */ = {isa = PBXFileReference; lastKnownFileType = sourcecode.swift; path = AboutSettingsView.swift; sourceTree = "<group>"; };
		E2C527CC2C39E37E0085ECC7 /* Main.swift */ = {isa = PBXFileReference; lastKnownFileType = sourcecode.swift; path = Main.swift; sourceTree = "<group>"; };
		E2C527CE2C3A00D80085ECC7 /* LogsViewer.swift */ = {isa = PBXFileReference; lastKnownFileType = sourcecode.swift; path = LogsViewer.swift; sourceTree = "<group>"; };
		E2C527D12C3B4E860085ECC7 /* FaktorTests.swift */ = {isa = PBXFileReference; lastKnownFileType = sourcecode.swift; path = FaktorTests.swift; sourceTree = SOURCE_ROOT; };
		E2C527D72C3B4F550085ECC7 /* FaktorTests.xctest */ = {isa = PBXFileReference; explicitFileType = wrapper.cfbundle; includeInIndex = 0; path = FaktorTests.xctest; sourceTree = BUILT_PRODUCTS_DIR; };
		E2C527E32C3B4F830085ECC7 /* TestPlan.xctestplan */ = {isa = PBXFileReference; lastKnownFileType = text; path = TestPlan.xctestplan; sourceTree = "<group>"; };
/* End PBXFileReference section */

/* Begin PBXFrameworksBuildPhase section */
		E22C9B012C01517100D2984D /* Frameworks */ = {
			isa = PBXFrameworksBuildPhase;
			buildActionMask = 2147483647;
			files = (
				E208F9742C3C255B000ACAE2 /* SQLite in Frameworks */,
				E220407A2C06770000846029 /* Logging in Frameworks */,
				E20005C12C28A31F00DB8615 /* PostHog in Frameworks */,
				E208F9722C3C2541000ACAE2 /* LaunchAtLogin in Frameworks */,
				E299E09E2C026A0900F1BDB5 /* Defaults in Frameworks */,
				E2EF8F8A2C04D3E100AC3652 /* Telegraph in Frameworks */,
			);
			runOnlyForDeploymentPostprocessing = 0;
		};
		E2C527D42C3B4F550085ECC7 /* Frameworks */ = {
			isa = PBXFrameworksBuildPhase;
			buildActionMask = 2147483647;
			files = (
			);
			runOnlyForDeploymentPostprocessing = 0;
		};
/* End PBXFrameworksBuildPhase section */

/* Begin PBXGroup section */
		E208F9702C3C2541000ACAE2 /* Frameworks */ = {
			isa = PBXGroup;
			children = (
			);
			name = Frameworks;
			sourceTree = "<group>";
		};
		E20BA19A2C0164C90052B8FC /* artifacts */ = {
			isa = PBXGroup;
			children = (
			);
			path = artifacts;
			sourceTree = "<group>";
		};
		E20BA19C2C0164C90052B8FC /* checkouts */ = {
			isa = PBXGroup;
			children = (
				E20BA19B2C0164C90052B8FC /* SQLite.swift */,
			);
			path = checkouts;
			sourceTree = "<group>";
		};
		E20BA1AA2C0164C90052B8FC /* hooks */ = {
			isa = PBXGroup;
			children = (
				E20BA19D2C0164C90052B8FC /* applypatch-msg.sample */,
				E20BA19E2C0164C90052B8FC /* commit-msg.sample */,
				E20BA19F2C0164C90052B8FC /* fsmonitor-watchman.sample */,
				E20BA1A02C0164C90052B8FC /* post-update.sample */,
				E20BA1A12C0164C90052B8FC /* pre-applypatch.sample */,
				E20BA1A22C0164C90052B8FC /* pre-commit.sample */,
				E20BA1A32C0164C90052B8FC /* pre-merge-commit.sample */,
				E20BA1A42C0164C90052B8FC /* pre-push.sample */,
				E20BA1A52C0164C90052B8FC /* pre-rebase.sample */,
				E20BA1A62C0164C90052B8FC /* pre-receive.sample */,
				E20BA1A72C0164C90052B8FC /* prepare-commit-msg.sample */,
				E20BA1A82C0164C90052B8FC /* push-to-checkout.sample */,
				E20BA1A92C0164C90052B8FC /* update.sample */,
			);
			path = hooks;
			sourceTree = "<group>";
		};
		E20BA1AC2C0164C90052B8FC /* info */ = {
			isa = PBXGroup;
			children = (
				E20BA1AB2C0164C90052B8FC /* exclude */,
			);
			path = info;
			sourceTree = "<group>";
		};
		E20BA1AD2C0164C90052B8FC /* info */ = {
			isa = PBXGroup;
			children = (
			);
			path = info;
			sourceTree = "<group>";
		};
		E20BA1B02C0164C90052B8FC /* pack */ = {
			isa = PBXGroup;
			children = (
				E20BA1AE2C0164C90052B8FC /* pack-07d55130e87ad72ba68348e3b29ebc787e2001fd.idx */,
				E20BA1AF2C0164C90052B8FC /* pack-07d55130e87ad72ba68348e3b29ebc787e2001fd.pack */,
			);
			path = pack;
			sourceTree = "<group>";
		};
		E20BA1B12C0164C90052B8FC /* objects */ = {
			isa = PBXGroup;
			children = (
				E20BA1AD2C0164C90052B8FC /* info */,
				E20BA1B02C0164C90052B8FC /* pack */,
			);
			path = objects;
			sourceTree = "<group>";
		};
		E20BA1B22C0164C90052B8FC /* heads */ = {
			isa = PBXGroup;
			children = (
			);
			path = heads;
			sourceTree = "<group>";
		};
		E20BA1B32C0164C90052B8FC /* tags */ = {
			isa = PBXGroup;
			children = (
			);
			path = tags;
			sourceTree = "<group>";
		};
		E20BA1B42C0164C90052B8FC /* refs */ = {
			isa = PBXGroup;
			children = (
				E20BA1B22C0164C90052B8FC /* heads */,
				E20BA1B32C0164C90052B8FC /* tags */,
			);
			path = refs;
			sourceTree = "<group>";
		};
		E20BA1BA2C0164C90052B8FC /* SQLite.swift-bde2929d */ = {
			isa = PBXGroup;
			children = (
				E20BA1AA2C0164C90052B8FC /* hooks */,
				E20BA1AC2C0164C90052B8FC /* info */,
				E20BA1B12C0164C90052B8FC /* objects */,
				E20BA1B42C0164C90052B8FC /* refs */,
				E20BA1B52C0164C90052B8FC /* config */,
				E20BA1B62C0164C90052B8FC /* description */,
				E20BA1B72C0164C90052B8FC /* FETCH_HEAD */,
				E20BA1B82C0164C90052B8FC /* HEAD */,
				E20BA1B92C0164C90052B8FC /* packed-refs */,
			);
			path = "SQLite.swift-bde2929d";
			sourceTree = "<group>";
		};
		E20BA1BB2C0164C90052B8FC /* repositories */ = {
			isa = PBXGroup;
			children = (
				E20BA1BA2C0164C90052B8FC /* SQLite.swift-bde2929d */,
			);
			path = repositories;
			sourceTree = "<group>";
		};
		E20BA1BD2C0164C90052B8FC /* .build */ = {
			isa = PBXGroup;
			children = (
				E20BA19A2C0164C90052B8FC /* artifacts */,
				E20BA19C2C0164C90052B8FC /* checkouts */,
				E20BA1BB2C0164C90052B8FC /* repositories */,
				E20BA1BC2C0164C90052B8FC /* workspace-state.json */,
			);
			path = .build;
			sourceTree = "<group>";
		};
		E20BA1BF2C0164C90052B8FC /* Preview Content */ = {
			isa = PBXGroup;
			children = (
				E20BA1BE2C0164C90052B8FC /* Preview Assets.xcassets */,
			);
			path = "Preview Content";
			sourceTree = "<group>";
		};
		E20BA1C82C0164C90052B8FC /* Faktor */ = {
			isa = PBXGroup;
			children = (
				E230C08E2C13A28B00C2BF61 /* UI */,
				E299E0AF2C0271A100F1BDB5 /* Data */,
				E299E0B12C0271A100F1BDB5 /* Models */,
				E299E0A72C02719A00F1BDB5 /* OTPParser */,
				E20BA1BD2C0164C90052B8FC /* .build */,
				E20BA1BF2C0164C90052B8FC /* Preview Content */,
				E20BA1C02C0164C90052B8FC /* .gitignore */,
				E20BA1C22C0164C90052B8FC /* Assets.xcassets */,
				E20BA1C32C0164C90052B8FC /* faktor.entitlements */,
				E20BA1C42C0164C90052B8FC /* faktorApp.swift */,
			);
			name = Faktor;
			path = faktor;
			sourceTree = "<group>";
		};
		E22C9AFB2C01517100D2984D = {
			isa = PBXGroup;
			children = (
				E20BA1C82C0164C90052B8FC /* Faktor */,
				E2C527D82C3B4F550085ECC7 /* FaktorTests */,
				E22C9B052C01517100D2984D /* Products */,
				E208F9702C3C2541000ACAE2 /* Frameworks */,
			);
			sourceTree = "<group>";
		};
		E22C9B052C01517100D2984D /* Products */ = {
			isa = PBXGroup;
			children = (
				E22C9B042C01517100D2984D /* Faktor.app */,
				E2C527D72C3B4F550085ECC7 /* FaktorTests.xctest */,
			);
			name = Products;
			sourceTree = "<group>";
		};
		E230C08E2C13A28B00C2BF61 /* UI */ = {
			isa = PBXGroup;
			children = (
				E20BA1C12C0164C90052B8FC /* AppMenu.swift */,
				E2C527C62C39B1D90085ECC7 /* SettingsView.swift */,
				E2C527C82C39C2210085ECC7 /* GeneralSettingsView.swift */,
				E2C527CA2C39C24A0085ECC7 /* AboutSettingsView.swift */,
				E2C527CC2C39E37E0085ECC7 /* Main.swift */,
				E2C527CE2C3A00D80085ECC7 /* LogsViewer.swift */,
			);
			path = UI;
			sourceTree = "<group>";
		};
		E299E0A72C02719A00F1BDB5 /* OTPParser */ = {
			isa = PBXGroup;
			children = (
				E299E0A12C02719A00F1BDB5 /* CustomOTPParser.swift */,
				E299E0A22C02719A00F1BDB5 /* CustomOTPParsers.swift */,
				E299E0A32C02719A00F1BDB5 /* Extensions.swift */,
				E299E0A42C02719A00F1BDB5 /* OTPParser.swift */,
				E299E0A52C02719A00F1BDB5 /* OTPParserConfiguration.swift */,
				E299E0A62C02719A00F1BDB5 /* OTPParserContants.swift */,
			);
			path = OTPParser;
			sourceTree = "<group>";
		};
		E299E0AF2C0271A100F1BDB5 /* Data */ = {
			isa = PBXGroup;
			children = (
				E299E0AE2C0271A100F1BDB5 /* MessageManager.swift */,
				E299E0B82C02827E00F1BDB5 /* AppStateManager.swift */,
				E282AA612C03DC660016CDA8 /* NotificationManager.swift */,
				E220407B2C06BE2300846029 /* BrowserManager.swift */,
			);
			path = Data;
			sourceTree = "<group>";
		};
		E299E0B12C0271A100F1BDB5 /* Models */ = {
			isa = PBXGroup;
			children = (
				E299E0B02C0271A100F1BDB5 /* Message.swift */,
				E299E0B42C02806A00F1BDB5 /* ParsedOTP.swift */,
				E299E0B62C0280A200F1BDB5 /* String.swift */,
			);
			path = Models;
			sourceTree = "<group>";
		};
		E2C527D82C3B4F550085ECC7 /* FaktorTests */ = {
			isa = PBXGroup;
			children = (
				E2C527E32C3B4F830085ECC7 /* TestPlan.xctestplan */,
				E230C0932C1520F800C2BF61 /* testMessages.json */,
				E2C527D12C3B4E860085ECC7 /* FaktorTests.swift */,
			);
			path = FaktorTests;
			sourceTree = "<group>";
		};
/* End PBXGroup section */

/* Begin PBXNativeTarget section */
		E22C9B032C01517100D2984D /* faktor */ = {
			isa = PBXNativeTarget;
			buildConfigurationList = E22C9B2B2C01517200D2984D /* Build configuration list for PBXNativeTarget "faktor" */;
			buildPhases = (
				E22C9B002C01517100D2984D /* Sources */,
				E22C9B012C01517100D2984D /* Frameworks */,
				E22C9B022C01517100D2984D /* Resources */,
			);
			buildRules = (
			);
			dependencies = (
				E20BA1E92C0165D80052B8FC /* PBXTargetDependency */,
			);
			name = faktor;
			packageProductDependencies = (
				E299E09D2C026A0900F1BDB5 /* Defaults */,
				E2EF8F892C04D3E100AC3652 /* Telegraph */,
				E22040792C06770000846029 /* Logging */,
				E20005C02C28A31F00DB8615 /* PostHog */,
				E208F9712C3C2541000ACAE2 /* LaunchAtLogin */,
				E208F9732C3C255B000ACAE2 /* SQLite */,
			);
			productName = faktor;
			productReference = E22C9B042C01517100D2984D /* Faktor.app */;
			productType = "com.apple.product-type.application";
		};
		E2C527D62C3B4F550085ECC7 /* FaktorTests */ = {
			isa = PBXNativeTarget;
			buildConfigurationList = E2C527DD2C3B4F550085ECC7 /* Build configuration list for PBXNativeTarget "FaktorTests" */;
			buildPhases = (
				E2C527D32C3B4F550085ECC7 /* Sources */,
				E2C527D42C3B4F550085ECC7 /* Frameworks */,
				E2C527D52C3B4F550085ECC7 /* Resources */,
			);
			buildRules = (
			);
			dependencies = (
				E2C527DC2C3B4F550085ECC7 /* PBXTargetDependency */,
			);
			name = FaktorTests;
			productName = FaktorTests;
			productReference = E2C527D72C3B4F550085ECC7 /* FaktorTests.xctest */;
			productType = "com.apple.product-type.bundle.unit-test";
		};
/* End PBXNativeTarget section */

/* Begin PBXProject section */
		E22C9AFC2C01517100D2984D /* Project object */ = {
			isa = PBXProject;
			attributes = {
				BuildIndependentTargetsInParallel = 1;
				LastSwiftUpdateCheck = 1540;
				LastUpgradeCheck = 1540;
				TargetAttributes = {
					E22C9B032C01517100D2984D = {
						CreatedOnToolsVersion = 15.4;
					};
					E2C527D62C3B4F550085ECC7 = {
						CreatedOnToolsVersion = 15.4;
						TestTargetID = E22C9B032C01517100D2984D;
					};
				};
			};
			buildConfigurationList = E22C9AFF2C01517100D2984D /* Build configuration list for PBXProject "faktor" */;
			compatibilityVersion = "Xcode 14.0";
			developmentRegion = en;
			hasScannedForEncodings = 0;
			knownRegions = (
				en,
				Base,
			);
			mainGroup = E22C9AFB2C01517100D2984D;
			packageReferences = (
				E299E0962C0232D500F1BDB5 /* XCRemoteSwiftPackageReference "SQLite.swift" */,
				E299E09C2C026A0900F1BDB5 /* XCRemoteSwiftPackageReference "Defaults" */,
				E2EF8F882C04D3E100AC3652 /* XCRemoteSwiftPackageReference "Telegraph" */,
				E22166A12C0657CA00D9FCF7 /* XCRemoteSwiftPackageReference "FullDiskAccess" */,
				E22040782C06770000846029 /* XCRemoteSwiftPackageReference "swift-log" */,
				E20005BF2C28A31F00DB8615 /* XCRemoteSwiftPackageReference "posthog-ios" */,
				E27141832C28F20B00A55616 /* XCRemoteSwiftPackageReference "LaunchAtLogin-Modern" */,
			);
			productRefGroup = E22C9B052C01517100D2984D /* Products */;
			projectDirPath = "";
			projectRoot = "";
			targets = (
				E22C9B032C01517100D2984D /* faktor */,
				E2C527D62C3B4F550085ECC7 /* FaktorTests */,
			);
		};
/* End PBXProject section */

/* Begin PBXResourcesBuildPhase section */
		E22C9B022C01517100D2984D /* Resources */ = {
			isa = PBXResourcesBuildPhase;
			buildActionMask = 2147483647;
			files = (
				E20BA1D92C0164C90052B8FC /* pack-07d55130e87ad72ba68348e3b29ebc787e2001fd.pack in Resources */,
				E20BA1DC2C0164C90052B8FC /* FETCH_HEAD in Resources */,
				E20BA1D62C0164C90052B8FC /* update.sample in Resources */,
				E20BA1DD2C0164C90052B8FC /* HEAD in Resources */,
				E20BA1D12C0164C90052B8FC /* pre-push.sample in Resources */,
				E20BA1D82C0164C90052B8FC /* pack-07d55130e87ad72ba68348e3b29ebc787e2001fd.idx in Resources */,
				E20BA1E32C0164C90052B8FC /* Assets.xcassets in Resources */,
				E20BA1DA2C0164C90052B8FC /* config in Resources */,
				E20BA1C92C0164C90052B8FC /* SQLite.swift in Resources */,
				E20BA1D42C0164C90052B8FC /* prepare-commit-msg.sample in Resources */,
				E20BA1D02C0164C90052B8FC /* pre-merge-commit.sample in Resources */,
				E20BA1E12C0164C90052B8FC /* .gitignore in Resources */,
				E20BA1D32C0164C90052B8FC /* pre-receive.sample in Resources */,
				E20BA1D52C0164C90052B8FC /* push-to-checkout.sample in Resources */,
				E230C0942C1520F900C2BF61 /* testMessages.json in Resources */,
				E20BA1CE2C0164C90052B8FC /* pre-applypatch.sample in Resources */,
				E20BA1CA2C0164C90052B8FC /* applypatch-msg.sample in Resources */,
				E20BA1D72C0164C90052B8FC /* exclude in Resources */,
				E20BA1D22C0164C90052B8FC /* pre-rebase.sample in Resources */,
				E20BA1E02C0164C90052B8FC /* Preview Assets.xcassets in Resources */,
				E20BA1DF2C0164C90052B8FC /* workspace-state.json in Resources */,
				E20BA1DB2C0164C90052B8FC /* description in Resources */,
				E20BA1CD2C0164C90052B8FC /* post-update.sample in Resources */,
				E20BA1CC2C0164C90052B8FC /* fsmonitor-watchman.sample in Resources */,
				E20BA1CB2C0164C90052B8FC /* commit-msg.sample in Resources */,
				E20BA1DE2C0164C90052B8FC /* packed-refs in Resources */,
				E20BA1CF2C0164C90052B8FC /* pre-commit.sample in Resources */,
			);
			runOnlyForDeploymentPostprocessing = 0;
		};
		E2C527D52C3B4F550085ECC7 /* Resources */ = {
			isa = PBXResourcesBuildPhase;
			buildActionMask = 2147483647;
			files = (
			);
			runOnlyForDeploymentPostprocessing = 0;
		};
/* End PBXResourcesBuildPhase section */

/* Begin PBXSourcesBuildPhase section */
		E22C9B002C01517100D2984D /* Sources */ = {
			isa = PBXSourcesBuildPhase;
			buildActionMask = 2147483647;
			files = (
				E299E0AD2C02719A00F1BDB5 /* OTPParserContants.swift in Sources */,
				E299E0AB2C02719A00F1BDB5 /* OTPParser.swift in Sources */,
				E299E0A82C02719A00F1BDB5 /* CustomOTPParser.swift in Sources */,
				E299E0AA2C02719A00F1BDB5 /* Extensions.swift in Sources */,
				E282AA622C03DC660016CDA8 /* NotificationManager.swift in Sources */,
				E299E0B92C02827E00F1BDB5 /* AppStateManager.swift in Sources */,
				E299E0B72C0280A200F1BDB5 /* String.swift in Sources */,
				E20BA1E22C0164C90052B8FC /* AppMenu.swift in Sources */,
				E299E0B22C0271A100F1BDB5 /* MessageManager.swift in Sources */,
				E2C527CB2C39C24A0085ECC7 /* AboutSettingsView.swift in Sources */,
				E2C527C72C39B1D90085ECC7 /* SettingsView.swift in Sources */,
				E2C527C92C39C2210085ECC7 /* GeneralSettingsView.swift in Sources */,
				E2C527CD2C39E37E0085ECC7 /* Main.swift in Sources */,
				E220407C2C06BE2300846029 /* BrowserManager.swift in Sources */,
				E2C527CF2C3A00D80085ECC7 /* LogsViewer.swift in Sources */,
				E299E0AC2C02719A00F1BDB5 /* OTPParserConfiguration.swift in Sources */,
				E20BA1E42C0164C90052B8FC /* faktorApp.swift in Sources */,
				E299E0B52C02806A00F1BDB5 /* ParsedOTP.swift in Sources */,
				E299E0A92C02719A00F1BDB5 /* CustomOTPParsers.swift in Sources */,
				E299E0B32C0271A100F1BDB5 /* Message.swift in Sources */,
			);
			runOnlyForDeploymentPostprocessing = 0;
		};
		E2C527D32C3B4F550085ECC7 /* Sources */ = {
			isa = PBXSourcesBuildPhase;
			buildActionMask = 2147483647;
			files = (
				E2C527E02C3B4F600085ECC7 /* FaktorTests.swift in Sources */,
			);
			runOnlyForDeploymentPostprocessing = 0;
		};
/* End PBXSourcesBuildPhase section */

/* Begin PBXTargetDependency section */
		E20BA1E92C0165D80052B8FC /* PBXTargetDependency */ = {
			isa = PBXTargetDependency;
			productRef = E20BA1E82C0165D80052B8FC /* SQLite */;
		};
		E2C527DC2C3B4F550085ECC7 /* PBXTargetDependency */ = {
			isa = PBXTargetDependency;
			target = E22C9B032C01517100D2984D /* faktor */;
			targetProxy = E2C527DB2C3B4F550085ECC7 /* PBXContainerItemProxy */;
		};
/* End PBXTargetDependency section */

/* Begin XCBuildConfiguration section */
		E22C9B292C01517200D2984D /* Debug */ = {
			isa = XCBuildConfiguration;
			buildSettings = {
				ALWAYS_SEARCH_USER_PATHS = NO;
				ASSETCATALOG_COMPILER_GENERATE_SWIFT_ASSET_SYMBOL_EXTENSIONS = YES;
				CLANG_ANALYZER_NONNULL = YES;
				CLANG_ANALYZER_NUMBER_OBJECT_CONVERSION = YES_AGGRESSIVE;
				CLANG_CXX_LANGUAGE_STANDARD = "gnu++20";
				CLANG_ENABLE_MODULES = YES;
				CLANG_ENABLE_OBJC_ARC = YES;
				CLANG_ENABLE_OBJC_WEAK = YES;
				CLANG_WARN_BLOCK_CAPTURE_AUTORELEASING = YES;
				CLANG_WARN_BOOL_CONVERSION = YES;
				CLANG_WARN_COMMA = YES;
				CLANG_WARN_CONSTANT_CONVERSION = YES;
				CLANG_WARN_DEPRECATED_OBJC_IMPLEMENTATIONS = YES;
				CLANG_WARN_DIRECT_OBJC_ISA_USAGE = YES_ERROR;
				CLANG_WARN_DOCUMENTATION_COMMENTS = YES;
				CLANG_WARN_EMPTY_BODY = YES;
				CLANG_WARN_ENUM_CONVERSION = YES;
				CLANG_WARN_INFINITE_RECURSION = YES;
				CLANG_WARN_INT_CONVERSION = YES;
				CLANG_WARN_NON_LITERAL_NULL_CONVERSION = YES;
				CLANG_WARN_OBJC_IMPLICIT_RETAIN_SELF = YES;
				CLANG_WARN_OBJC_LITERAL_CONVERSION = YES;
				CLANG_WARN_OBJC_ROOT_CLASS = YES_ERROR;
				CLANG_WARN_QUOTED_INCLUDE_IN_FRAMEWORK_HEADER = YES;
				CLANG_WARN_RANGE_LOOP_ANALYSIS = YES;
				CLANG_WARN_STRICT_PROTOTYPES = YES;
				CLANG_WARN_SUSPICIOUS_MOVE = YES;
				CLANG_WARN_UNGUARDED_AVAILABILITY = YES_AGGRESSIVE;
				CLANG_WARN_UNREACHABLE_CODE = YES;
				CLANG_WARN__DUPLICATE_METHOD_MATCH = YES;
				CODE_SIGN_IDENTITY = "Apple Distribution";
				COPY_PHASE_STRIP = YES;
				DEBUG_INFORMATION_FORMAT = dwarf;
				ENABLE_APP_SANDBOX = NO;
				ENABLE_STRICT_OBJC_MSGSEND = YES;
				ENABLE_TESTABILITY = YES;
				ENABLE_USER_SCRIPT_SANDBOXING = YES;
				GCC_C_LANGUAGE_STANDARD = gnu17;
				GCC_DYNAMIC_NO_PIC = NO;
				GCC_NO_COMMON_BLOCKS = YES;
				GCC_OPTIMIZATION_LEVEL = 0;
				GCC_PREPROCESSOR_DEFINITIONS = (
					"DEBUG=1",
					"$(inherited)",
				);
				GCC_WARN_64_TO_32_BIT_CONVERSION = YES;
				GCC_WARN_ABOUT_RETURN_TYPE = YES_ERROR;
				GCC_WARN_UNDECLARED_SELECTOR = YES;
				GCC_WARN_UNINITIALIZED_AUTOS = YES_AGGRESSIVE;
				GCC_WARN_UNUSED_FUNCTION = YES;
				GCC_WARN_UNUSED_VARIABLE = YES;
				INFOPLIST_KEY_LSBackgroundOnly = YES;
				INFOPLIST_KEY_LSUIElement = YES;
				LOCALIZATION_PREFERS_STRING_CATALOGS = YES;
				MACOSX_DEPLOYMENT_TARGET = 10.13;
				MTL_ENABLE_DEBUG_INFO = INCLUDE_SOURCE;
				MTL_FAST_MATH = YES;
				ONLY_ACTIVE_ARCH = YES;
				SDKROOT = macosx;
				SWIFT_ACTIVE_COMPILATION_CONDITIONS = "DEBUG $(inherited)";
				SWIFT_OPTIMIZATION_LEVEL = "-Onone";
			};
			name = Debug;
		};
		E22C9B2A2C01517200D2984D /* Release */ = {
			isa = XCBuildConfiguration;
			buildSettings = {
				ALWAYS_SEARCH_USER_PATHS = NO;
				ASSETCATALOG_COMPILER_GENERATE_SWIFT_ASSET_SYMBOL_EXTENSIONS = YES;
				CLANG_ANALYZER_NONNULL = YES;
				CLANG_ANALYZER_NUMBER_OBJECT_CONVERSION = YES_AGGRESSIVE;
				CLANG_CXX_LANGUAGE_STANDARD = "gnu++20";
				CLANG_ENABLE_MODULES = YES;
				CLANG_ENABLE_OBJC_ARC = YES;
				CLANG_ENABLE_OBJC_WEAK = YES;
				CLANG_WARN_BLOCK_CAPTURE_AUTORELEASING = YES;
				CLANG_WARN_BOOL_CONVERSION = YES;
				CLANG_WARN_COMMA = YES;
				CLANG_WARN_CONSTANT_CONVERSION = YES;
				CLANG_WARN_DEPRECATED_OBJC_IMPLEMENTATIONS = YES;
				CLANG_WARN_DIRECT_OBJC_ISA_USAGE = YES_ERROR;
				CLANG_WARN_DOCUMENTATION_COMMENTS = YES;
				CLANG_WARN_EMPTY_BODY = YES;
				CLANG_WARN_ENUM_CONVERSION = YES;
				CLANG_WARN_INFINITE_RECURSION = YES;
				CLANG_WARN_INT_CONVERSION = YES;
				CLANG_WARN_NON_LITERAL_NULL_CONVERSION = YES;
				CLANG_WARN_OBJC_IMPLICIT_RETAIN_SELF = YES;
				CLANG_WARN_OBJC_LITERAL_CONVERSION = YES;
				CLANG_WARN_OBJC_ROOT_CLASS = YES_ERROR;
				CLANG_WARN_QUOTED_INCLUDE_IN_FRAMEWORK_HEADER = YES;
				CLANG_WARN_RANGE_LOOP_ANALYSIS = YES;
				CLANG_WARN_STRICT_PROTOTYPES = YES;
				CLANG_WARN_SUSPICIOUS_MOVE = YES;
				CLANG_WARN_UNGUARDED_AVAILABILITY = YES_AGGRESSIVE;
				CLANG_WARN_UNREACHABLE_CODE = YES;
				CLANG_WARN__DUPLICATE_METHOD_MATCH = YES;
				CODE_SIGN_IDENTITY = "Apple Distribution";
				COPY_PHASE_STRIP = YES;
				DEBUG_INFORMATION_FORMAT = "dwarf-with-dsym";
				ENABLE_APP_SANDBOX = NO;
				ENABLE_NS_ASSERTIONS = NO;
				ENABLE_STRICT_OBJC_MSGSEND = YES;
				ENABLE_USER_SCRIPT_SANDBOXING = YES;
				GCC_C_LANGUAGE_STANDARD = gnu17;
				GCC_NO_COMMON_BLOCKS = YES;
				GCC_WARN_64_TO_32_BIT_CONVERSION = YES;
				GCC_WARN_ABOUT_RETURN_TYPE = YES_ERROR;
				GCC_WARN_UNDECLARED_SELECTOR = YES;
				GCC_WARN_UNINITIALIZED_AUTOS = YES_AGGRESSIVE;
				GCC_WARN_UNUSED_FUNCTION = YES;
				GCC_WARN_UNUSED_VARIABLE = YES;
				INFOPLIST_KEY_LSBackgroundOnly = YES;
				INFOPLIST_KEY_LSUIElement = YES;
				LOCALIZATION_PREFERS_STRING_CATALOGS = YES;
				MACOSX_DEPLOYMENT_TARGET = 10.13;
				MTL_ENABLE_DEBUG_INFO = NO;
				MTL_FAST_MATH = YES;
				SDKROOT = macosx;
				SWIFT_COMPILATION_MODE = wholemodule;
			};
			name = Release;
		};
		E22C9B2C2C01517200D2984D /* Debug */ = {
			isa = XCBuildConfiguration;
			buildSettings = {
				ASSETCATALOG_COMPILER_APPICON_NAME = AppIcon;
				ASSETCATALOG_COMPILER_GLOBAL_ACCENT_COLOR_NAME = AccentColor;
				ASSETCATALOG_COMPILER_INCLUDE_ALL_APPICON_ASSETS = YES;
				CODE_SIGN_ENTITLEMENTS = faktor/faktor.entitlements;
				CODE_SIGN_IDENTITY = "Apple Development";
				CODE_SIGN_INJECT_BASE_ENTITLEMENTS = YES;
				CODE_SIGN_STYLE = Automatic;
				COMBINE_HIDPI_IMAGES = YES;
				CURRENT_PROJECT_VERSION = 1.3;
				DEVELOPMENT_ASSET_PATHS = "\"faktor/Preview Content\"";
				DEVELOPMENT_TEAM = TP8BN7C8C6;
				ENABLE_APP_SANDBOX = YES;
				ENABLE_HARDENED_RUNTIME = YES;
				ENABLE_PREVIEWS = YES;
				GENERATE_INFOPLIST_FILE = YES;
				INFOPLIST_KEY_CFBundleDisplayName = Faktor;
				INFOPLIST_KEY_LSApplicationCategoryType = "public.app-category.productivity";
				INFOPLIST_KEY_LSBackgroundOnly = NO;
				INFOPLIST_KEY_LSUIElement = YES;
				INFOPLIST_KEY_NSHumanReadableCopyright = "";
				LD_RUNPATH_SEARCH_PATHS = (
					"$(inherited)",
					"@executable_path/../Frameworks",
				);
				MACOSX_DEPLOYMENT_TARGET = 13.0;
				MARKETING_VERSION = 1.3;
				PRODUCT_BUNDLE_IDENTIFIER = faktor.mac;
				PRODUCT_NAME = Faktor;
				PROVISIONING_PROFILE_SPECIFIER = "";
				SWIFT_EMIT_LOC_STRINGS = YES;
				SWIFT_VERSION = 5.0;
			};
			name = Debug;
		};
		E22C9B2D2C01517200D2984D /* Release */ = {
			isa = XCBuildConfiguration;
			buildSettings = {
				ASSETCATALOG_COMPILER_APPICON_NAME = AppIcon;
				ASSETCATALOG_COMPILER_GLOBAL_ACCENT_COLOR_NAME = AccentColor;
				ASSETCATALOG_COMPILER_INCLUDE_ALL_APPICON_ASSETS = YES;
				CODE_SIGN_ENTITLEMENTS = faktor/faktor.entitlements;
				CODE_SIGN_IDENTITY = "Apple Development";
				"CODE_SIGN_IDENTITY[sdk=macosx*]" = "Apple Development";
				CODE_SIGN_INJECT_BASE_ENTITLEMENTS = YES;
				CODE_SIGN_STYLE = Automatic;
				COMBINE_HIDPI_IMAGES = YES;
				CURRENT_PROJECT_VERSION = 1.3;
				DEVELOPMENT_ASSET_PATHS = "\"faktor/Preview Content\"";
				DEVELOPMENT_TEAM = TP8BN7C8C6;
				ENABLE_APP_SANDBOX = YES;
				ENABLE_HARDENED_RUNTIME = YES;
				ENABLE_PREVIEWS = YES;
				GENERATE_INFOPLIST_FILE = YES;
				INFOPLIST_KEY_CFBundleDisplayName = Faktor;
				INFOPLIST_KEY_LSApplicationCategoryType = "public.app-category.productivity";
				INFOPLIST_KEY_LSBackgroundOnly = NO;
				INFOPLIST_KEY_LSUIElement = YES;
				INFOPLIST_KEY_NSHumanReadableCopyright = "";
				LD_RUNPATH_SEARCH_PATHS = (
					"$(inherited)",
					"@executable_path/../Frameworks",
				);
				MACOSX_DEPLOYMENT_TARGET = 13.0;
				MARKETING_VERSION = 1.3;
				PRODUCT_BUNDLE_IDENTIFIER = faktor.mac;
				PRODUCT_NAME = Faktor;
				PROVISIONING_PROFILE_SPECIFIER = "";
				SWIFT_EMIT_LOC_STRINGS = YES;
				SWIFT_VERSION = 5.0;
			};
			name = Release;
		};
		E2C527DE2C3B4F550085ECC7 /* Debug */ = {
			isa = XCBuildConfiguration;
			buildSettings = {
				BUNDLE_LOADER = "$(TEST_HOST)";
				CODE_SIGN_IDENTITY = "Apple Development";
				"CODE_SIGN_IDENTITY[sdk=macosx*]" = "Apple Development";
				CODE_SIGN_STYLE = Automatic;
				COPY_PHASE_STRIP = NO;
				CURRENT_PROJECT_VERSION = 1;
				DEVELOPMENT_TEAM = TP8BN7C8C6;
				ENABLE_APP_SANDBOX = YES;
				ENABLE_HARDENED_RUNTIME = YES;
				GENERATE_INFOPLIST_FILE = YES;
				IPHONEOS_DEPLOYMENT_TARGET = 17.5;
				MACOSX_DEPLOYMENT_TARGET = 14.5;
				MARKETING_VERSION = 1.0;
				PRODUCT_BUNDLE_IDENTIFIER = auchenberg.FaktorTests;
				PRODUCT_NAME = "$(TARGET_NAME)";
				PROVISIONING_PROFILE_SPECIFIER = "";
				SDKROOT = auto;
				SUPPORTED_PLATFORMS = macosx;
				SUPPORTS_MACCATALYST = NO;
				SWIFT_EMIT_LOC_STRINGS = NO;
				SWIFT_VERSION = 5.0;
				TEST_HOST = "$(BUILT_PRODUCTS_DIR)/Faktor.app/$(BUNDLE_EXECUTABLE_FOLDER_PATH)/Faktor";
			};
			name = Debug;
		};
		E2C527DF2C3B4F550085ECC7 /* Release */ = {
			isa = XCBuildConfiguration;
			buildSettings = {
				BUNDLE_LOADER = "$(TEST_HOST)";
				CODE_SIGN_IDENTITY = "Apple Development";
				"CODE_SIGN_IDENTITY[sdk=macosx*]" = "Apple Development";
				CODE_SIGN_STYLE = Automatic;
				COPY_PHASE_STRIP = NO;
				CURRENT_PROJECT_VERSION = 1;
				DEVELOPMENT_TEAM = TP8BN7C8C6;
				ENABLE_APP_SANDBOX = YES;
				ENABLE_HARDENED_RUNTIME = YES;
				GENERATE_INFOPLIST_FILE = YES;
				IPHONEOS_DEPLOYMENT_TARGET = 17.5;
				MACOSX_DEPLOYMENT_TARGET = 14.5;
				MARKETING_VERSION = 1.0;
				PRODUCT_BUNDLE_IDENTIFIER = auchenberg.FaktorTests;
				PRODUCT_NAME = "$(TARGET_NAME)";
				PROVISIONING_PROFILE_SPECIFIER = "";
				SDKROOT = auto;
				SUPPORTED_PLATFORMS = macosx;
				SUPPORTS_MACCATALYST = NO;
				SWIFT_EMIT_LOC_STRINGS = NO;
				SWIFT_VERSION = 5.0;
				TEST_HOST = "$(BUILT_PRODUCTS_DIR)/Faktor.app/$(BUNDLE_EXECUTABLE_FOLDER_PATH)/Faktor";
			};
			name = Release;
		};
/* End XCBuildConfiguration section */

/* Begin XCConfigurationList section */
		E22C9AFF2C01517100D2984D /* Build configuration list for PBXProject "faktor" */ = {
			isa = XCConfigurationList;
			buildConfigurations = (
				E22C9B292C01517200D2984D /* Debug */,
				E22C9B2A2C01517200D2984D /* Release */,
			);
			defaultConfigurationIsVisible = 0;
			defaultConfigurationName = Release;
		};
		E22C9B2B2C01517200D2984D /* Build configuration list for PBXNativeTarget "faktor" */ = {
			isa = XCConfigurationList;
			buildConfigurations = (
				E22C9B2C2C01517200D2984D /* Debug */,
				E22C9B2D2C01517200D2984D /* Release */,
			);
			defaultConfigurationIsVisible = 0;
			defaultConfigurationName = Release;
		};
		E2C527DD2C3B4F550085ECC7 /* Build configuration list for PBXNativeTarget "FaktorTests" */ = {
			isa = XCConfigurationList;
			buildConfigurations = (
				E2C527DE2C3B4F550085ECC7 /* Debug */,
				E2C527DF2C3B4F550085ECC7 /* Release */,
			);
			defaultConfigurationIsVisible = 0;
			defaultConfigurationName = Release;
		};
/* End XCConfigurationList section */

/* Begin XCRemoteSwiftPackageReference section */
		E20005BF2C28A31F00DB8615 /* XCRemoteSwiftPackageReference "posthog-ios" */ = {
			isa = XCRemoteSwiftPackageReference;
			repositoryURL = "https://github.com/PostHog/posthog-ios.git";
			requirement = {
				kind = upToNextMajorVersion;
				minimumVersion = 3.5.2;
			};
		};
		E22040782C06770000846029 /* XCRemoteSwiftPackageReference "swift-log" */ = {
			isa = XCRemoteSwiftPackageReference;
			repositoryURL = "https://github.com/apple/swift-log.git";
			requirement = {
				kind = upToNextMajorVersion;
				minimumVersion = 1.5.4;
			};
		};
		E22166A12C0657CA00D9FCF7 /* XCRemoteSwiftPackageReference "FullDiskAccess" */ = {
			isa = XCRemoteSwiftPackageReference;
			repositoryURL = "git@github.com:inket/FullDiskAccess.git";
			requirement = {
				kind = upToNextMajorVersion;
				minimumVersion = 1.0.0;
			};
		};
		E27141832C28F20B00A55616 /* XCRemoteSwiftPackageReference "LaunchAtLogin-Modern" */ = {
			isa = XCRemoteSwiftPackageReference;
			repositoryURL = "https://github.com/sindresorhus/LaunchAtLogin-Modern";
			requirement = {
				branch = main;
				kind = branch;
			};
		};
		E299E0962C0232D500F1BDB5 /* XCRemoteSwiftPackageReference "SQLite.swift" */ = {
			isa = XCRemoteSwiftPackageReference;
			repositoryURL = "https://github.com/stephencelis/SQLite.swift.git";
			requirement = {
				kind = upToNextMajorVersion;
				minimumVersion = 0.15.3;
			};
		};
		E299E09C2C026A0900F1BDB5 /* XCRemoteSwiftPackageReference "Defaults" */ = {
			isa = XCRemoteSwiftPackageReference;
			repositoryURL = "https://github.com/sindresorhus/Defaults";
			requirement = {
				branch = main;
				kind = branch;
			};
		};
		E2EF8F882C04D3E100AC3652 /* XCRemoteSwiftPackageReference "Telegraph" */ = {
			isa = XCRemoteSwiftPackageReference;
			repositoryURL = "https://github.com/Building42/Telegraph.git";
			requirement = {
				kind = upToNextMajorVersion;
				minimumVersion = 0.40.0;
			};
		};
/* End XCRemoteSwiftPackageReference section */

/* Begin XCSwiftPackageProductDependency section */
		E20005C02C28A31F00DB8615 /* PostHog */ = {
			isa = XCSwiftPackageProductDependency;
			package = E20005BF2C28A31F00DB8615 /* XCRemoteSwiftPackageReference "posthog-ios" */;
			productName = PostHog;
		};
		E208F9712C3C2541000ACAE2 /* LaunchAtLogin */ = {
			isa = XCSwiftPackageProductDependency;
			package = E27141832C28F20B00A55616 /* XCRemoteSwiftPackageReference "LaunchAtLogin-Modern" */;
			productName = LaunchAtLogin;
		};
		E208F9732C3C255B000ACAE2 /* SQLite */ = {
			isa = XCSwiftPackageProductDependency;
			package = E299E0962C0232D500F1BDB5 /* XCRemoteSwiftPackageReference "SQLite.swift" */;
			productName = SQLite;
		};
		E20BA1E82C0165D80052B8FC /* SQLite */ = {
			isa = XCSwiftPackageProductDependency;
			productName = SQLite;
		};
		E22040792C06770000846029 /* Logging */ = {
			isa = XCSwiftPackageProductDependency;
			package = E22040782C06770000846029 /* XCRemoteSwiftPackageReference "swift-log" */;
			productName = Logging;
		};
		E299E09D2C026A0900F1BDB5 /* Defaults */ = {
			isa = XCSwiftPackageProductDependency;
			package = E299E09C2C026A0900F1BDB5 /* XCRemoteSwiftPackageReference "Defaults" */;
			productName = Defaults;
		};
		E2EF8F892C04D3E100AC3652 /* Telegraph */ = {
			isa = XCSwiftPackageProductDependency;
			package = E2EF8F882C04D3E100AC3652 /* XCRemoteSwiftPackageReference "Telegraph" */;
			productName = Telegraph;
		};
/* End XCSwiftPackageProductDependency section */
	};
	rootObject = E22C9AFC2C01517100D2984D /* Project object */;
}
