// !$*UTF8*$!
{
	archiveVersion = 1;
	classes = {
	};
	objectVersion = 56;
	objects = {

/* Begin PBXBuildFile section */
		E20BA1C92C0164C90052B8FC /* SQLite.swift in Resources */ = {isa = PBXBuildFile; fileRef = E20BA19B2C0164C90052B8FC /* SQLite.swift */; };
		E20BA1CA2C0164C90052B8FC /* applypatch-msg.sample in Resources */ = {isa = PBXBuildFile; fileRef = E20BA19D2C0164C90052B8FC /* applypatch-msg.sample */; };
		E20BA1CB2C0164C90052B8FC /* commit-msg.sample in Resources */ = {isa = PBXBuildFile; fileRef = E20BA19E2C0164C90052B8FC /* commit-msg.sample */; };
		E20BA1CC2C0164C90052B8FC /* fsmonitor-watchman.sample in Resources */ = {isa = PBXBuildFile; fileRef = E20BA19F2C0164C90052B8FC /* fsmonitor-watchman.sample */; };
		E20BA1CD2C0164C90052B8FC /* post-update.sample in Resources */ = {isa = PBXBuildFile; fileRef = E20BA1A02C0164C90052B8FC /* post-update.sample */; };
		E20BA1CE2C0164C90052B8FC /* pre-applypatch.sample in Resources */ = {isa = PBXBuildFile; fileRef = E20BA1A12C0164C90052B8FC /* pre-applypatch.sample */; };
		E20BA1CF2C0164C90052B8FC /* pre-commit.sample in Resources */ = {isa = PBXBuildFile; fileRef = E20BA1A22C0164C90052B8FC /* pre-commit.sample */; };
		E20BA1D02C0164C90052B8FC /* pre-merge-commit.sample in Resources */ = {isa = PBXBuildFile; fileRef = E20BA1A32C0164C90052B8FC /* pre-merge-commit.sample */; };
		E20BA1D12C0164C90052B8FC /* pre-push.sample in Resources */ = {isa = PBXBuildFile; fileRef = E20BA1A42C0164C90052B8FC /* pre-push.sample */; };
		E20BA1D22C0164C90052B8FC /* pre-rebase.sample in Resources */ = {isa = PBXBuildFile; fileRef = E20BA1A52C0164C90052B8FC /* pre-rebase.sample */; };
		E20BA1D32C0164C90052B8FC /* pre-receive.sample in Resources */ = {isa = PBXBuildFile; fileRef = E20BA1A62C0164C90052B8FC /* pre-receive.sample */; };
		E20BA1D42C0164C90052B8FC /* prepare-commit-msg.sample in Resources */ = {isa = PBXBuildFile; fileRef = E20BA1A72C0164C90052B8FC /* prepare-commit-msg.sample */; };
		E20BA1D52C0164C90052B8FC /* push-to-checkout.sample in Resources */ = {isa = PBXBuildFile; fileRef = E20BA1A82C0164C90052B8FC /* push-to-checkout.sample */; };
		E20BA1D62C0164C90052B8FC /* update.sample in Resources */ = {isa = PBXBuildFile; fileRef = E20BA1A92C0164C90052B8FC /* update.sample */; };
		E20BA1D72C0164C90052B8FC /* exclude in Resources */ = {isa = PBXBuildFile; fileRef = E20BA1AB2C0164C90052B8FC /* exclude */; };
		E20BA1D82C0164C90052B8FC /* pack-07d55130e87ad72ba68348e3b29ebc787e2001fd.idx in Resources */ = {isa = PBXBuildFile; fileRef = E20BA1AE2C0164C90052B8FC /* pack-07d55130e87ad72ba68348e3b29ebc787e2001fd.idx */; };
		E20BA1D92C0164C90052B8FC /* pack-07d55130e87ad72ba68348e3b29ebc787e2001fd.pack in Resources */ = {isa = PBXBuildFile; fileRef = E20BA1AF2C0164C90052B8FC /* pack-07d55130e87ad72ba68348e3b29ebc787e2001fd.pack */; };
		E20BA1DA2C0164C90052B8FC /* config in Resources */ = {isa = PBXBuildFile; fileRef = E20BA1B52C0164C90052B8FC /* config */; };
		E20BA1DB2C0164C90052B8FC /* description in Resources */ = {isa = PBXBuildFile; fileRef = E20BA1B62C0164C90052B8FC /* description */; };
		E20BA1DC2C0164C90052B8FC /* FETCH_HEAD in Resources */ = {isa = PBXBuildFile; fileRef = E20BA1B72C0164C90052B8FC /* FETCH_HEAD */; };
		E20BA1DD2C0164C90052B8FC /* HEAD in Resources */ = {isa = PBXBuildFile; fileRef = E20BA1B82C0164C90052B8FC /* HEAD */; };
		E20BA1DE2C0164C90052B8FC /* packed-refs in Resources */ = {isa = PBXBuildFile; fileRef = E20BA1B92C0164C90052B8FC /* packed-refs */; };
		E20BA1DF2C0164C90052B8FC /* workspace-state.json in Resources */ = {isa = PBXBuildFile; fileRef = E20BA1BC2C0164C90052B8FC /* workspace-state.json */; };
		E20BA1E02C0164C90052B8FC /* Preview Assets.xcassets in Resources */ = {isa = PBXBuildFile; fileRef = E20BA1BE2C0164C90052B8FC /* Preview Assets.xcassets */; };
		E20BA1E12C0164C90052B8FC /* .gitignore in Resources */ = {isa = PBXBuildFile; fileRef = E20BA1C02C0164C90052B8FC /* .gitignore */; };
		E20BA1E22C0164C90052B8FC /* appMenu.swift in Sources */ = {isa = PBXBuildFile; fileRef = E20BA1C12C0164C90052B8FC /* appMenu.swift */; };
		E20BA1E32C0164C90052B8FC /* Assets.xcassets in Resources */ = {isa = PBXBuildFile; fileRef = E20BA1C22C0164C90052B8FC /* Assets.xcassets */; };
		E20BA1E42C0164C90052B8FC /* authoApp.swift in Sources */ = {isa = PBXBuildFile; fileRef = E20BA1C42C0164C90052B8FC /* authoApp.swift */; };
		E22166A32C0657CA00D9FCF7 /* FullDiskAccess in Frameworks */ = {isa = PBXBuildFile; productRef = E22166A22C0657CA00D9FCF7 /* FullDiskAccess */; };
		E282AA622C03DC660016CDA8 /* NotificationManager.swift in Sources */ = {isa = PBXBuildFile; fileRef = E282AA612C03DC660016CDA8 /* NotificationManager.swift */; };
		E299E0982C0232D500F1BDB5 /* SQLite in Frameworks */ = {isa = PBXBuildFile; productRef = E299E0972C0232D500F1BDB5 /* SQLite */; };
		E299E09B2C024A4700F1BDB5 /* LaunchAtLogin in Frameworks */ = {isa = PBXBuildFile; productRef = E299E09A2C024A4700F1BDB5 /* LaunchAtLogin */; };
		E299E09E2C026A0900F1BDB5 /* Defaults in Frameworks */ = {isa = PBXBuildFile; productRef = E299E09D2C026A0900F1BDB5 /* Defaults */; };
		E299E0A82C02719A00F1BDB5 /* CustomOTPParser.swift in Sources */ = {isa = PBXBuildFile; fileRef = E299E0A12C02719A00F1BDB5 /* CustomOTPParser.swift */; };
		E299E0A92C02719A00F1BDB5 /* CustomOTPParsers.swift in Sources */ = {isa = PBXBuildFile; fileRef = E299E0A22C02719A00F1BDB5 /* CustomOTPParsers.swift */; };
		E299E0AA2C02719A00F1BDB5 /* Extensions.swift in Sources */ = {isa = PBXBuildFile; fileRef = E299E0A32C02719A00F1BDB5 /* Extensions.swift */; };
		E299E0AB2C02719A00F1BDB5 /* OTPParser.swift in Sources */ = {isa = PBXBuildFile; fileRef = E299E0A42C02719A00F1BDB5 /* OTPParser.swift */; };
		E299E0AC2C02719A00F1BDB5 /* OTPParserConfiguration.swift in Sources */ = {isa = PBXBuildFile; fileRef = E299E0A52C02719A00F1BDB5 /* OTPParserConfiguration.swift */; };
		E299E0AD2C02719A00F1BDB5 /* OTPParserContants.swift in Sources */ = {isa = PBXBuildFile; fileRef = E299E0A62C02719A00F1BDB5 /* OTPParserContants.swift */; };
		E299E0B22C0271A100F1BDB5 /* MessageManager.swift in Sources */ = {isa = PBXBuildFile; fileRef = E299E0AE2C0271A100F1BDB5 /* MessageManager.swift */; };
		E299E0B32C0271A100F1BDB5 /* Message.swift in Sources */ = {isa = PBXBuildFile; fileRef = E299E0B02C0271A100F1BDB5 /* Message.swift */; };
		E299E0B52C02806A00F1BDB5 /* ParsedOTP.swift in Sources */ = {isa = PBXBuildFile; fileRef = E299E0B42C02806A00F1BDB5 /* ParsedOTP.swift */; };
		E299E0B72C0280A200F1BDB5 /* String.swift in Sources */ = {isa = PBXBuildFile; fileRef = E299E0B62C0280A200F1BDB5 /* String.swift */; };
		E299E0B92C02827E00F1BDB5 /* AppStateManager.swift in Sources */ = {isa = PBXBuildFile; fileRef = E299E0B82C02827E00F1BDB5 /* AppStateManager.swift */; };
		E2EF8F8A2C04D3E100AC3652 /* Telegraph in Frameworks */ = {isa = PBXBuildFile; productRef = E2EF8F892C04D3E100AC3652 /* Telegraph */; };
/* End PBXBuildFile section */

/* Begin PBXFileReference section */
		E20BA19B2C0164C90052B8FC /* SQLite.swift */ = {isa = PBXFileReference; lastKnownFileType = wrapper; path = SQLite.swift; sourceTree = "<group>"; };
		E20BA19D2C0164C90052B8FC /* applypatch-msg.sample */ = {isa = PBXFileReference; fileEncoding = 4; lastKnownFileType = text.script.sh; path = "applypatch-msg.sample"; sourceTree = "<group>"; };
		E20BA19E2C0164C90052B8FC /* commit-msg.sample */ = {isa = PBXFileReference; fileEncoding = 4; lastKnownFileType = text.script.sh; path = "commit-msg.sample"; sourceTree = "<group>"; };
		E20BA19F2C0164C90052B8FC /* fsmonitor-watchman.sample */ = {isa = PBXFileReference; fileEncoding = 4; lastKnownFileType = text.script.perl; path = "fsmonitor-watchman.sample"; sourceTree = "<group>"; };
		E20BA1A02C0164C90052B8FC /* post-update.sample */ = {isa = PBXFileReference; fileEncoding = 4; lastKnownFileType = text.script.sh; path = "post-update.sample"; sourceTree = "<group>"; };
		E20BA1A12C0164C90052B8FC /* pre-applypatch.sample */ = {isa = PBXFileReference; fileEncoding = 4; lastKnownFileType = text.script.sh; path = "pre-applypatch.sample"; sourceTree = "<group>"; };
		E20BA1A22C0164C90052B8FC /* pre-commit.sample */ = {isa = PBXFileReference; fileEncoding = 4; lastKnownFileType = text.script.sh; path = "pre-commit.sample"; sourceTree = "<group>"; };
		E20BA1A32C0164C90052B8FC /* pre-merge-commit.sample */ = {isa = PBXFileReference; fileEncoding = 4; lastKnownFileType = text.script.sh; path = "pre-merge-commit.sample"; sourceTree = "<group>"; };
		E20BA1A42C0164C90052B8FC /* pre-push.sample */ = {isa = PBXFileReference; fileEncoding = 4; lastKnownFileType = text.script.sh; path = "pre-push.sample"; sourceTree = "<group>"; };
		E20BA1A52C0164C90052B8FC /* pre-rebase.sample */ = {isa = PBXFileReference; fileEncoding = 4; lastKnownFileType = text.script.sh; path = "pre-rebase.sample"; sourceTree = "<group>"; };
		E20BA1A62C0164C90052B8FC /* pre-receive.sample */ = {isa = PBXFileReference; fileEncoding = 4; lastKnownFileType = text.script.sh; path = "pre-receive.sample"; sourceTree = "<group>"; };
		E20BA1A72C0164C90052B8FC /* prepare-commit-msg.sample */ = {isa = PBXFileReference; fileEncoding = 4; lastKnownFileType = text.script.sh; path = "prepare-commit-msg.sample"; sourceTree = "<group>"; };
		E20BA1A82C0164C90052B8FC /* push-to-checkout.sample */ = {isa = PBXFileReference; fileEncoding = 4; lastKnownFileType = text.script.sh; path = "push-to-checkout.sample"; sourceTree = "<group>"; };
		E20BA1A92C0164C90052B8FC /* update.sample */ = {isa = PBXFileReference; fileEncoding = 4; lastKnownFileType = text.script.sh; path = update.sample; sourceTree = "<group>"; };
		E20BA1AB2C0164C90052B8FC /* exclude */ = {isa = PBXFileReference; fileEncoding = 4; lastKnownFileType = text; path = exclude; sourceTree = "<group>"; };
		E20BA1AE2C0164C90052B8FC /* pack-07d55130e87ad72ba68348e3b29ebc787e2001fd.idx */ = {isa = PBXFileReference; lastKnownFileType = file; path = "pack-07d55130e87ad72ba68348e3b29ebc787e2001fd.idx"; sourceTree = "<group>"; };
		E20BA1AF2C0164C90052B8FC /* pack-07d55130e87ad72ba68348e3b29ebc787e2001fd.pack */ = {isa = PBXFileReference; lastKnownFileType = file; path = "pack-07d55130e87ad72ba68348e3b29ebc787e2001fd.pack"; sourceTree = "<group>"; };
		E20BA1B52C0164C90052B8FC /* config */ = {isa = PBXFileReference; fileEncoding = 4; lastKnownFileType = text; path = config; sourceTree = "<group>"; };
		E20BA1B62C0164C90052B8FC /* description */ = {isa = PBXFileReference; fileEncoding = 4; lastKnownFileType = text; path = description; sourceTree = "<group>"; };
		E20BA1B72C0164C90052B8FC /* FETCH_HEAD */ = {isa = PBXFileReference; fileEncoding = 4; lastKnownFileType = text; path = FETCH_HEAD; sourceTree = "<group>"; };
		E20BA1B82C0164C90052B8FC /* HEAD */ = {isa = PBXFileReference; fileEncoding = 4; lastKnownFileType = text; path = HEAD; sourceTree = "<group>"; };
		E20BA1B92C0164C90052B8FC /* packed-refs */ = {isa = PBXFileReference; fileEncoding = 4; lastKnownFileType = text; path = "packed-refs"; sourceTree = "<group>"; };
		E20BA1BC2C0164C90052B8FC /* workspace-state.json */ = {isa = PBXFileReference; fileEncoding = 4; lastKnownFileType = text.json; path = "workspace-state.json"; sourceTree = "<group>"; };
		E20BA1BE2C0164C90052B8FC /* Preview Assets.xcassets */ = {isa = PBXFileReference; lastKnownFileType = folder.assetcatalog; path = "Preview Assets.xcassets"; sourceTree = "<group>"; };
		E20BA1C02C0164C90052B8FC /* .gitignore */ = {isa = PBXFileReference; fileEncoding = 4; lastKnownFileType = text; path = .gitignore; sourceTree = "<group>"; };
		E20BA1C12C0164C90052B8FC /* appMenu.swift */ = {isa = PBXFileReference; fileEncoding = 4; lastKnownFileType = sourcecode.swift; path = appMenu.swift; sourceTree = "<group>"; };
		E20BA1C22C0164C90052B8FC /* Assets.xcassets */ = {isa = PBXFileReference; lastKnownFileType = folder.assetcatalog; path = Assets.xcassets; sourceTree = "<group>"; };
		E20BA1C32C0164C90052B8FC /* autho.entitlements */ = {isa = PBXFileReference; fileEncoding = 4; lastKnownFileType = text.plist.entitlements; path = autho.entitlements; sourceTree = "<group>"; };
		E20BA1C42C0164C90052B8FC /* authoApp.swift */ = {isa = PBXFileReference; fileEncoding = 4; lastKnownFileType = sourcecode.swift; path = authoApp.swift; sourceTree = "<group>"; };
		E22C9B042C01517100D2984D /* Autho.app */ = {isa = PBXFileReference; explicitFileType = wrapper.application; includeInIndex = 0; path = Autho.app; sourceTree = BUILT_PRODUCTS_DIR; };
		E282AA612C03DC660016CDA8 /* NotificationManager.swift */ = {isa = PBXFileReference; lastKnownFileType = sourcecode.swift; path = NotificationManager.swift; sourceTree = "<group>"; };
		E299E0A12C02719A00F1BDB5 /* CustomOTPParser.swift */ = {isa = PBXFileReference; fileEncoding = 4; lastKnownFileType = sourcecode.swift; path = CustomOTPParser.swift; sourceTree = "<group>"; };
		E299E0A22C02719A00F1BDB5 /* CustomOTPParsers.swift */ = {isa = PBXFileReference; fileEncoding = 4; lastKnownFileType = sourcecode.swift; path = CustomOTPParsers.swift; sourceTree = "<group>"; };
		E299E0A32C02719A00F1BDB5 /* Extensions.swift */ = {isa = PBXFileReference; fileEncoding = 4; lastKnownFileType = sourcecode.swift; path = Extensions.swift; sourceTree = "<group>"; };
		E299E0A42C02719A00F1BDB5 /* OTPParser.swift */ = {isa = PBXFileReference; fileEncoding = 4; lastKnownFileType = sourcecode.swift; path = OTPParser.swift; sourceTree = "<group>"; };
		E299E0A52C02719A00F1BDB5 /* OTPParserConfiguration.swift */ = {isa = PBXFileReference; fileEncoding = 4; lastKnownFileType = sourcecode.swift; path = OTPParserConfiguration.swift; sourceTree = "<group>"; };
		E299E0A62C02719A00F1BDB5 /* OTPParserContants.swift */ = {isa = PBXFileReference; fileEncoding = 4; lastKnownFileType = sourcecode.swift; path = OTPParserContants.swift; sourceTree = "<group>"; };
		E299E0AE2C0271A100F1BDB5 /* MessageManager.swift */ = {isa = PBXFileReference; fileEncoding = 4; lastKnownFileType = sourcecode.swift; path = MessageManager.swift; sourceTree = "<group>"; };
		E299E0B02C0271A100F1BDB5 /* Message.swift */ = {isa = PBXFileReference; fileEncoding = 4; lastKnownFileType = sourcecode.swift; path = Message.swift; sourceTree = "<group>"; };
		E299E0B42C02806A00F1BDB5 /* ParsedOTP.swift */ = {isa = PBXFileReference; lastKnownFileType = sourcecode.swift; path = ParsedOTP.swift; sourceTree = "<group>"; };
		E299E0B62C0280A200F1BDB5 /* String.swift */ = {isa = PBXFileReference; lastKnownFileType = sourcecode.swift; path = String.swift; sourceTree = "<group>"; };
		E299E0B82C02827E00F1BDB5 /* AppStateManager.swift */ = {isa = PBXFileReference; lastKnownFileType = sourcecode.swift; path = AppStateManager.swift; sourceTree = "<group>"; };
/* End PBXFileReference section */

/* Begin PBXFrameworksBuildPhase section */
		E22C9B012C01517100D2984D /* Frameworks */ = {
			isa = PBXFrameworksBuildPhase;
			buildActionMask = 2147483647;
			files = (
				E299E09E2C026A0900F1BDB5 /* Defaults in Frameworks */,
				E2EF8F8A2C04D3E100AC3652 /* Telegraph in Frameworks */,
				E299E09B2C024A4700F1BDB5 /* LaunchAtLogin in Frameworks */,
				E22166A32C0657CA00D9FCF7 /* FullDiskAccess in Frameworks */,
				E299E0982C0232D500F1BDB5 /* SQLite in Frameworks */,
			);
			runOnlyForDeploymentPostprocessing = 0;
		};
/* End PBXFrameworksBuildPhase section */

/* Begin PBXGroup section */
		E20BA19A2C0164C90052B8FC /* artifacts */ = {
			isa = PBXGroup;
			children = (
			);
			path = artifacts;
			sourceTree = "<group>";
		};
		E20BA19C2C0164C90052B8FC /* checkouts */ = {
			isa = PBXGroup;
			children = (
				E20BA19B2C0164C90052B8FC /* SQLite.swift */,
			);
			path = checkouts;
			sourceTree = "<group>";
		};
		E20BA1AA2C0164C90052B8FC /* hooks */ = {
			isa = PBXGroup;
			children = (
				E20BA19D2C0164C90052B8FC /* applypatch-msg.sample */,
				E20BA19E2C0164C90052B8FC /* commit-msg.sample */,
				E20BA19F2C0164C90052B8FC /* fsmonitor-watchman.sample */,
				E20BA1A02C0164C90052B8FC /* post-update.sample */,
				E20BA1A12C0164C90052B8FC /* pre-applypatch.sample */,
				E20BA1A22C0164C90052B8FC /* pre-commit.sample */,
				E20BA1A32C0164C90052B8FC /* pre-merge-commit.sample */,
				E20BA1A42C0164C90052B8FC /* pre-push.sample */,
				E20BA1A52C0164C90052B8FC /* pre-rebase.sample */,
				E20BA1A62C0164C90052B8FC /* pre-receive.sample */,
				E20BA1A72C0164C90052B8FC /* prepare-commit-msg.sample */,
				E20BA1A82C0164C90052B8FC /* push-to-checkout.sample */,
				E20BA1A92C0164C90052B8FC /* update.sample */,
			);
			path = hooks;
			sourceTree = "<group>";
		};
		E20BA1AC2C0164C90052B8FC /* info */ = {
			isa = PBXGroup;
			children = (
				E20BA1AB2C0164C90052B8FC /* exclude */,
			);
			path = info;
			sourceTree = "<group>";
		};
		E20BA1AD2C0164C90052B8FC /* info */ = {
			isa = PBXGroup;
			children = (
			);
			path = info;
			sourceTree = "<group>";
		};
		E20BA1B02C0164C90052B8FC /* pack */ = {
			isa = PBXGroup;
			children = (
				E20BA1AE2C0164C90052B8FC /* pack-07d55130e87ad72ba68348e3b29ebc787e2001fd.idx */,
				E20BA1AF2C0164C90052B8FC /* pack-07d55130e87ad72ba68348e3b29ebc787e2001fd.pack */,
			);
			path = pack;
			sourceTree = "<group>";
		};
		E20BA1B12C0164C90052B8FC /* objects */ = {
			isa = PBXGroup;
			children = (
				E20BA1AD2C0164C90052B8FC /* info */,
				E20BA1B02C0164C90052B8FC /* pack */,
			);
			path = objects;
			sourceTree = "<group>";
		};
		E20BA1B22C0164C90052B8FC /* heads */ = {
			isa = PBXGroup;
			children = (
			);
			path = heads;
			sourceTree = "<group>";
		};
		E20BA1B32C0164C90052B8FC /* tags */ = {
			isa = PBXGroup;
			children = (
			);
			path = tags;
			sourceTree = "<group>";
		};
		E20BA1B42C0164C90052B8FC /* refs */ = {
			isa = PBXGroup;
			children = (
				E20BA1B22C0164C90052B8FC /* heads */,
				E20BA1B32C0164C90052B8FC /* tags */,
			);
			path = refs;
			sourceTree = "<group>";
		};
		E20BA1BA2C0164C90052B8FC /* SQLite.swift-bde2929d */ = {
			isa = PBXGroup;
			children = (
				E20BA1AA2C0164C90052B8FC /* hooks */,
				E20BA1AC2C0164C90052B8FC /* info */,
				E20BA1B12C0164C90052B8FC /* objects */,
				E20BA1B42C0164C90052B8FC /* refs */,
				E20BA1B52C0164C90052B8FC /* config */,
				E20BA1B62C0164C90052B8FC /* description */,
				E20BA1B72C0164C90052B8FC /* FETCH_HEAD */,
				E20BA1B82C0164C90052B8FC /* HEAD */,
				E20BA1B92C0164C90052B8FC /* packed-refs */,
			);
			path = "SQLite.swift-bde2929d";
			sourceTree = "<group>";
		};
		E20BA1BB2C0164C90052B8FC /* repositories */ = {
			isa = PBXGroup;
			children = (
				E20BA1BA2C0164C90052B8FC /* SQLite.swift-bde2929d */,
			);
			path = repositories;
			sourceTree = "<group>";
		};
		E20BA1BD2C0164C90052B8FC /* .build */ = {
			isa = PBXGroup;
			children = (
				E20BA19A2C0164C90052B8FC /* artifacts */,
				E20BA19C2C0164C90052B8FC /* checkouts */,
				E20BA1BB2C0164C90052B8FC /* repositories */,
				E20BA1BC2C0164C90052B8FC /* workspace-state.json */,
			);
			path = .build;
			sourceTree = "<group>";
		};
		E20BA1BF2C0164C90052B8FC /* Preview Content */ = {
			isa = PBXGroup;
			children = (
				E20BA1BE2C0164C90052B8FC /* Preview Assets.xcassets */,
			);
			path = "Preview Content";
			sourceTree = "<group>";
		};
		E20BA1C82C0164C90052B8FC /* autho */ = {
			isa = PBXGroup;
			children = (
				E299E0AF2C0271A100F1BDB5 /* Data */,
				E299E0B12C0271A100F1BDB5 /* Models */,
				E299E0A72C02719A00F1BDB5 /* OTPParser */,
				E20BA1BD2C0164C90052B8FC /* .build */,
				E20BA1BF2C0164C90052B8FC /* Preview Content */,
				E20BA1C02C0164C90052B8FC /* .gitignore */,
				E20BA1C12C0164C90052B8FC /* appMenu.swift */,
				E20BA1C22C0164C90052B8FC /* Assets.xcassets */,
				E20BA1C32C0164C90052B8FC /* autho.entitlements */,
				E20BA1C42C0164C90052B8FC /* authoApp.swift */,
			);
			name = autho;
			path = Sources/autho;
			sourceTree = "<group>";
		};
		E22C9AFB2C01517100D2984D = {
			isa = PBXGroup;
			children = (
				E20BA1C82C0164C90052B8FC /* autho */,
				E22C9B052C01517100D2984D /* Products */,
			);
			sourceTree = "<group>";
		};
		E22C9B052C01517100D2984D /* Products */ = {
			isa = PBXGroup;
			children = (
				E22C9B042C01517100D2984D /* Autho.app */,
			);
			name = Products;
			sourceTree = "<group>";
		};
		E299E0A72C02719A00F1BDB5 /* OTPParser */ = {
			isa = PBXGroup;
			children = (
				E299E0A12C02719A00F1BDB5 /* CustomOTPParser.swift */,
				E299E0A22C02719A00F1BDB5 /* CustomOTPParsers.swift */,
				E299E0A32C02719A00F1BDB5 /* Extensions.swift */,
				E299E0A42C02719A00F1BDB5 /* OTPParser.swift */,
				E299E0A52C02719A00F1BDB5 /* OTPParserConfiguration.swift */,
				E299E0A62C02719A00F1BDB5 /* OTPParserContants.swift */,
			);
			path = OTPParser;
			sourceTree = "<group>";
		};
		E299E0AF2C0271A100F1BDB5 /* Data */ = {
			isa = PBXGroup;
			children = (
				E299E0AE2C0271A100F1BDB5 /* MessageManager.swift */,
				E299E0B82C02827E00F1BDB5 /* AppStateManager.swift */,
				E282AA612C03DC660016CDA8 /* NotificationManager.swift */,
			);
			path = Data;
			sourceTree = "<group>";
		};
		E299E0B12C0271A100F1BDB5 /* Models */ = {
			isa = PBXGroup;
			children = (
				E299E0B02C0271A100F1BDB5 /* Message.swift */,
				E299E0B42C02806A00F1BDB5 /* ParsedOTP.swift */,
				E299E0B62C0280A200F1BDB5 /* String.swift */,
			);
			path = Models;
			sourceTree = "<group>";
		};
/* End PBXGroup section */

/* Begin PBXNativeTarget section */
		E22C9B032C01517100D2984D /* autho */ = {
			isa = PBXNativeTarget;
			buildConfigurationList = E22C9B2B2C01517200D2984D /* Build configuration list for PBXNativeTarget "autho" */;
			buildPhases = (
				E22C9B002C01517100D2984D /* Sources */,
				E22C9B012C01517100D2984D /* Frameworks */,
				E22C9B022C01517100D2984D /* Resources */,
			);
			buildRules = (
			);
			dependencies = (
				E20BA1E92C0165D80052B8FC /* PBXTargetDependency */,
			);
			name = autho;
			packageProductDependencies = (
				E299E0972C0232D500F1BDB5 /* SQLite */,
				E299E09A2C024A4700F1BDB5 /* LaunchAtLogin */,
				E299E09D2C026A0900F1BDB5 /* Defaults */,
				E2EF8F892C04D3E100AC3652 /* Telegraph */,
				E22166A22C0657CA00D9FCF7 /* FullDiskAccess */,
			);
			productName = autho;
			productReference = E22C9B042C01517100D2984D /* Autho.app */;
			productType = "com.apple.product-type.application";
		};
/* End PBXNativeTarget section */

/* Begin PBXProject section */
		E22C9AFC2C01517100D2984D /* Project object */ = {
			isa = PBXProject;
			attributes = {
				BuildIndependentTargetsInParallel = 1;
				LastSwiftUpdateCheck = 1540;
				LastUpgradeCheck = 1540;
				TargetAttributes = {
					E22C9B032C01517100D2984D = {
						CreatedOnToolsVersion = 15.4;
					};
				};
			};
			buildConfigurationList = E22C9AFF2C01517100D2984D /* Build configuration list for PBXProject "autho" */;
			compatibilityVersion = "Xcode 14.0";
			developmentRegion = en;
			hasScannedForEncodings = 0;
			knownRegions = (
				en,
				Base,
			);
			mainGroup = E22C9AFB2C01517100D2984D;
			packageReferences = (
				E299E0962C0232D500F1BDB5 /* XCRemoteSwiftPackageReference "SQLite.swift" */,
				E299E0992C024A4700F1BDB5 /* XCRemoteSwiftPackageReference "LaunchAtLogin-Modern" */,
				E299E09C2C026A0900F1BDB5 /* XCRemoteSwiftPackageReference "Defaults" */,
				E2EF8F882C04D3E100AC3652 /* XCRemoteSwiftPackageReference "Telegraph" */,
				E22166A12C0657CA00D9FCF7 /* XCRemoteSwiftPackageReference "FullDiskAccess" */,
			);
			productRefGroup = E22C9B052C01517100D2984D /* Products */;
			projectDirPath = "";
			projectRoot = "";
			targets = (
				E22C9B032C01517100D2984D /* autho */,
			);
		};
/* End PBXProject section */

/* Begin PBXResourcesBuildPhase section */
		E22C9B022C01517100D2984D /* Resources */ = {
			isa = PBXResourcesBuildPhase;
			buildActionMask = 2147483647;
			files = (
				E20BA1D92C0164C90052B8FC /* pack-07d55130e87ad72ba68348e3b29ebc787e2001fd.pack in Resources */,
				E20BA1DC2C0164C90052B8FC /* FETCH_HEAD in Resources */,
				E20BA1D62C0164C90052B8FC /* update.sample in Resources */,
				E20BA1DD2C0164C90052B8FC /* HEAD in Resources */,
				E20BA1D12C0164C90052B8FC /* pre-push.sample in Resources */,
				E20BA1D82C0164C90052B8FC /* pack-07d55130e87ad72ba68348e3b29ebc787e2001fd.idx in Resources */,
				E20BA1E32C0164C90052B8FC /* Assets.xcassets in Resources */,
				E20BA1DA2C0164C90052B8FC /* config in Resources */,
				E20BA1C92C0164C90052B8FC /* SQLite.swift in Resources */,
				E20BA1D42C0164C90052B8FC /* prepare-commit-msg.sample in Resources */,
				E20BA1D02C0164C90052B8FC /* pre-merge-commit.sample in Resources */,
				E20BA1E12C0164C90052B8FC /* .gitignore in Resources */,
				E20BA1D32C0164C90052B8FC /* pre-receive.sample in Resources */,
				E20BA1D52C0164C90052B8FC /* push-to-checkout.sample in Resources */,
				E20BA1CE2C0164C90052B8FC /* pre-applypatch.sample in Resources */,
				E20BA1CA2C0164C90052B8FC /* applypatch-msg.sample in Resources */,
				E20BA1D72C0164C90052B8FC /* exclude in Resources */,
				E20BA1D22C0164C90052B8FC /* pre-rebase.sample in Resources */,
				E20BA1E02C0164C90052B8FC /* Preview Assets.xcassets in Resources */,
				E20BA1DF2C0164C90052B8FC /* workspace-state.json in Resources */,
				E20BA1DB2C0164C90052B8FC /* description in Resources */,
				E20BA1CD2C0164C90052B8FC /* post-update.sample in Resources */,
				E20BA1CC2C0164C90052B8FC /* fsmonitor-watchman.sample in Resources */,
				E20BA1CB2C0164C90052B8FC /* commit-msg.sample in Resources */,
				E20BA1DE2C0164C90052B8FC /* packed-refs in Resources */,
				E20BA1CF2C0164C90052B8FC /* pre-commit.sample in Resources */,
			);
			runOnlyForDeploymentPostprocessing = 0;
		};
/* End PBXResourcesBuildPhase section */

/* Begin PBXSourcesBuildPhase section */
		E22C9B002C01517100D2984D /* Sources */ = {
			isa = PBXSourcesBuildPhase;
			buildActionMask = 2147483647;
			files = (
				E299E0AD2C02719A00F1BDB5 /* OTPParserContants.swift in Sources */,
				E299E0AB2C02719A00F1BDB5 /* OTPParser.swift in Sources */,
				E299E0A82C02719A00F1BDB5 /* CustomOTPParser.swift in Sources */,
				E299E0AA2C02719A00F1BDB5 /* Extensions.swift in Sources */,
				E282AA622C03DC660016CDA8 /* NotificationManager.swift in Sources */,
				E299E0B92C02827E00F1BDB5 /* AppStateManager.swift in Sources */,
				E299E0B72C0280A200F1BDB5 /* String.swift in Sources */,
				E20BA1E22C0164C90052B8FC /* appMenu.swift in Sources */,
				E299E0B22C0271A100F1BDB5 /* MessageManager.swift in Sources */,
				E299E0AC2C02719A00F1BDB5 /* OTPParserConfiguration.swift in Sources */,
				E20BA1E42C0164C90052B8FC /* authoApp.swift in Sources */,
				E299E0B52C02806A00F1BDB5 /* ParsedOTP.swift in Sources */,
				E299E0A92C02719A00F1BDB5 /* CustomOTPParsers.swift in Sources */,
				E299E0B32C0271A100F1BDB5 /* Message.swift in Sources */,
			);
			runOnlyForDeploymentPostprocessing = 0;
		};
/* End PBXSourcesBuildPhase section */

/* Begin PBXTargetDependency section */
		E20BA1E92C0165D80052B8FC /* PBXTargetDependency */ = {
			isa = PBXTargetDependency;
			productRef = E20BA1E82C0165D80052B8FC /* SQLite */;
		};
/* End PBXTargetDependency section */

/* Begin XCBuildConfiguration section */
		E22C9B292C01517200D2984D /* Debug */ = {
			isa = XCBuildConfiguration;
			buildSettings = {
				ALWAYS_SEARCH_USER_PATHS = NO;
				ASSETCATALOG_COMPILER_GENERATE_SWIFT_ASSET_SYMBOL_EXTENSIONS = YES;
				CLANG_ANALYZER_NONNULL = YES;
				CLANG_ANALYZER_NUMBER_OBJECT_CONVERSION = YES_AGGRESSIVE;
				CLANG_CXX_LANGUAGE_STANDARD = "gnu++20";
				CLANG_ENABLE_MODULES = YES;
				CLANG_ENABLE_OBJC_ARC = YES;
				CLANG_ENABLE_OBJC_WEAK = YES;
				CLANG_WARN_BLOCK_CAPTURE_AUTORELEASING = YES;
				CLANG_WARN_BOOL_CONVERSION = YES;
				CLANG_WARN_COMMA = YES;
				CLANG_WARN_CONSTANT_CONVERSION = YES;
				CLANG_WARN_DEPRECATED_OBJC_IMPLEMENTATIONS = YES;
				CLANG_WARN_DIRECT_OBJC_ISA_USAGE = YES_ERROR;
				CLANG_WARN_DOCUMENTATION_COMMENTS = YES;
				CLANG_WARN_EMPTY_BODY = YES;
				CLANG_WARN_ENUM_CONVERSION = YES;
				CLANG_WARN_INFINITE_RECURSION = YES;
				CLANG_WARN_INT_CONVERSION = YES;
				CLANG_WARN_NON_LITERAL_NULL_CONVERSION = YES;
				CLANG_WARN_OBJC_IMPLICIT_RETAIN_SELF = YES;
				CLANG_WARN_OBJC_LITERAL_CONVERSION = YES;
				CLANG_WARN_OBJC_ROOT_CLASS = YES_ERROR;
				CLANG_WARN_QUOTED_INCLUDE_IN_FRAMEWORK_HEADER = YES;
				CLANG_WARN_RANGE_LOOP_ANALYSIS = YES;
				CLANG_WARN_STRICT_PROTOTYPES = YES;
				CLANG_WARN_SUSPICIOUS_MOVE = YES;
				CLANG_WARN_UNGUARDED_AVAILABILITY = YES_AGGRESSIVE;
				CLANG_WARN_UNREACHABLE_CODE = YES;
				CLANG_WARN__DUPLICATE_METHOD_MATCH = YES;
				COPY_PHASE_STRIP = YES;
				DEBUG_INFORMATION_FORMAT = dwarf;
				ENABLE_APP_SANDBOX = NO;
				ENABLE_STRICT_OBJC_MSGSEND = YES;
				ENABLE_TESTABILITY = YES;
				ENABLE_USER_SCRIPT_SANDBOXING = YES;
				GCC_C_LANGUAGE_STANDARD = gnu17;
				GCC_DYNAMIC_NO_PIC = NO;
				GCC_NO_COMMON_BLOCKS = YES;
				GCC_OPTIMIZATION_LEVEL = 0;
				GCC_PREPROCESSOR_DEFINITIONS = (
					"DEBUG=1",
					"$(inherited)",
				);
				GCC_WARN_64_TO_32_BIT_CONVERSION = YES;
				GCC_WARN_ABOUT_RETURN_TYPE = YES_ERROR;
				GCC_WARN_UNDECLARED_SELECTOR = YES;
				GCC_WARN_UNINITIALIZED_AUTOS = YES_AGGRESSIVE;
				GCC_WARN_UNUSED_FUNCTION = YES;
				GCC_WARN_UNUSED_VARIABLE = YES;
				INFOPLIST_KEY_LSBackgroundOnly = YES;
				INFOPLIST_KEY_LSUIElement = YES;
				LOCALIZATION_PREFERS_STRING_CATALOGS = YES;
				MACOSX_DEPLOYMENT_TARGET = 10.13;
				MTL_ENABLE_DEBUG_INFO = INCLUDE_SOURCE;
				MTL_FAST_MATH = YES;
				ONLY_ACTIVE_ARCH = YES;
				SDKROOT = macosx;
				SWIFT_ACTIVE_COMPILATION_CONDITIONS = "DEBUG $(inherited)";
				SWIFT_OPTIMIZATION_LEVEL = "-Onone";
			};
			name = Debug;
		};
		E22C9B2A2C01517200D2984D /* Release */ = {
			isa = XCBuildConfiguration;
			buildSettings = {
				ALWAYS_SEARCH_USER_PATHS = NO;
				ASSETCATALOG_COMPILER_GENERATE_SWIFT_ASSET_SYMBOL_EXTENSIONS = YES;
				CLANG_ANALYZER_NONNULL = YES;
				CLANG_ANALYZER_NUMBER_OBJECT_CONVERSION = YES_AGGRESSIVE;
				CLANG_CXX_LANGUAGE_STANDARD = "gnu++20";
				CLANG_ENABLE_MODULES = YES;
				CLANG_ENABLE_OBJC_ARC = YES;
				CLANG_ENABLE_OBJC_WEAK = YES;
				CLANG_WARN_BLOCK_CAPTURE_AUTORELEASING = YES;
				CLANG_WARN_BOOL_CONVERSION = YES;
				CLANG_WARN_COMMA = YES;
				CLANG_WARN_CONSTANT_CONVERSION = YES;
				CLANG_WARN_DEPRECATED_OBJC_IMPLEMENTATIONS = YES;
				CLANG_WARN_DIRECT_OBJC_ISA_USAGE = YES_ERROR;
				CLANG_WARN_DOCUMENTATION_COMMENTS = YES;
				CLANG_WARN_EMPTY_BODY = YES;
				CLANG_WARN_ENUM_CONVERSION = YES;
				CLANG_WARN_INFINITE_RECURSION = YES;
				CLANG_WARN_INT_CONVERSION = YES;
				CLANG_WARN_NON_LITERAL_NULL_CONVERSION = YES;
				CLANG_WARN_OBJC_IMPLICIT_RETAIN_SELF = YES;
				CLANG_WARN_OBJC_LITERAL_CONVERSION = YES;
				CLANG_WARN_OBJC_ROOT_CLASS = YES_ERROR;
				CLANG_WARN_QUOTED_INCLUDE_IN_FRAMEWORK_HEADER = YES;
				CLANG_WARN_RANGE_LOOP_ANALYSIS = YES;
				CLANG_WARN_STRICT_PROTOTYPES = YES;
				CLANG_WARN_SUSPICIOUS_MOVE = YES;
				CLANG_WARN_UNGUARDED_AVAILABILITY = YES_AGGRESSIVE;
				CLANG_WARN_UNREACHABLE_CODE = YES;
				CLANG_WARN__DUPLICATE_METHOD_MATCH = YES;
				COPY_PHASE_STRIP = YES;
				DEBUG_INFORMATION_FORMAT = "dwarf-with-dsym";
				ENABLE_APP_SANDBOX = NO;
				ENABLE_NS_ASSERTIONS = NO;
				ENABLE_STRICT_OBJC_MSGSEND = YES;
				ENABLE_USER_SCRIPT_SANDBOXING = YES;
				GCC_C_LANGUAGE_STANDARD = gnu17;
				GCC_NO_COMMON_BLOCKS = YES;
				GCC_WARN_64_TO_32_BIT_CONVERSION = YES;
				GCC_WARN_ABOUT_RETURN_TYPE = YES_ERROR;
				GCC_WARN_UNDECLARED_SELECTOR = YES;
				GCC_WARN_UNINITIALIZED_AUTOS = YES_AGGRESSIVE;
				GCC_WARN_UNUSED_FUNCTION = YES;
				GCC_WARN_UNUSED_VARIABLE = YES;
				INFOPLIST_KEY_LSBackgroundOnly = YES;
				INFOPLIST_KEY_LSUIElement = YES;
				LOCALIZATION_PREFERS_STRING_CATALOGS = YES;
				MACOSX_DEPLOYMENT_TARGET = 10.13;
				MTL_ENABLE_DEBUG_INFO = NO;
				MTL_FAST_MATH = YES;
				SDKROOT = macosx;
				SWIFT_COMPILATION_MODE = wholemodule;
			};
			name = Release;
		};
		E22C9B2C2C01517200D2984D /* Debug */ = {
			isa = XCBuildConfiguration;
			buildSettings = {
				ASSETCATALOG_COMPILER_APPICON_NAME = AppIcon;
				ASSETCATALOG_COMPILER_GLOBAL_ACCENT_COLOR_NAME = AccentColor;
				ASSETCATALOG_COMPILER_INCLUDE_ALL_APPICON_ASSETS = YES;
				CODE_SIGN_ENTITLEMENTS = "";
				"CODE_SIGN_IDENTITY[sdk=macosx*]" = "Apple Development";
				CODE_SIGN_STYLE = Automatic;
				COMBINE_HIDPI_IMAGES = YES;
				CURRENT_PROJECT_VERSION = 1;
				DEVELOPMENT_ASSET_PATHS = "\"Sources/autho/Preview Content\"";
				DEVELOPMENT_TEAM = TP8BN7C8C6;
				ENABLE_HARDENED_RUNTIME = YES;
				ENABLE_PREVIEWS = YES;
				GENERATE_INFOPLIST_FILE = YES;
				INFOPLIST_KEY_CFBundleDisplayName = Autho;
				INFOPLIST_KEY_LSApplicationCategoryType = "public.app-category.productivity";
				INFOPLIST_KEY_LSUIElement = NO;
				INFOPLIST_KEY_NSHumanReadableCopyright = "";
				LD_RUNPATH_SEARCH_PATHS = (
					"$(inherited)",
					"@executable_path/../Frameworks",
				);
				MACOSX_DEPLOYMENT_TARGET = 14.0;
				MARKETING_VERSION = 1.0;
				PRODUCT_BUNDLE_IDENTIFIER = auchenberg.autho;
				PRODUCT_NAME = Autho;
				SWIFT_EMIT_LOC_STRINGS = YES;
				SWIFT_VERSION = 5.0;
			};
			name = Debug;
		};
		E22C9B2D2C01517200D2984D /* Release */ = {
			isa = XCBuildConfiguration;
			buildSettings = {
				ASSETCATALOG_COMPILER_APPICON_NAME = AppIcon;
				ASSETCATALOG_COMPILER_GLOBAL_ACCENT_COLOR_NAME = AccentColor;
				ASSETCATALOG_COMPILER_INCLUDE_ALL_APPICON_ASSETS = YES;
				CODE_SIGN_ENTITLEMENTS = "";
				"CODE_SIGN_IDENTITY[sdk=macosx*]" = "Apple Development";
				CODE_SIGN_STYLE = Automatic;
				COMBINE_HIDPI_IMAGES = YES;
				CURRENT_PROJECT_VERSION = 1;
				DEVELOPMENT_ASSET_PATHS = "\"Sources/autho/Preview Content\"";
				DEVELOPMENT_TEAM = TP8BN7C8C6;
				ENABLE_HARDENED_RUNTIME = YES;
				ENABLE_PREVIEWS = YES;
				GENERATE_INFOPLIST_FILE = YES;
				INFOPLIST_KEY_CFBundleDisplayName = Autho;
				INFOPLIST_KEY_LSApplicationCategoryType = "public.app-category.productivity";
				INFOPLIST_KEY_LSUIElement = NO;
				INFOPLIST_KEY_NSHumanReadableCopyright = "";
				LD_RUNPATH_SEARCH_PATHS = (
					"$(inherited)",
					"@executable_path/../Frameworks",
				);
				MACOSX_DEPLOYMENT_TARGET = 14.0;
				MARKETING_VERSION = 1.0;
				PRODUCT_BUNDLE_IDENTIFIER = auchenberg.autho;
				PRODUCT_NAME = Autho;
				SWIFT_EMIT_LOC_STRINGS = YES;
				SWIFT_VERSION = 5.0;
			};
			name = Release;
		};
/* End XCBuildConfiguration section */

/* Begin XCConfigurationList section */
		E22C9AFF2C01517100D2984D /* Build configuration list for PBXProject "autho" */ = {
			isa = XCConfigurationList;
			buildConfigurations = (
				E22C9B292C01517200D2984D /* Debug */,
				E22C9B2A2C01517200D2984D /* Release */,
			);
			defaultConfigurationIsVisible = 0;
			defaultConfigurationName = Release;
		};
		E22C9B2B2C01517200D2984D /* Build configuration list for PBXNativeTarget "autho" */ = {
			isa = XCConfigurationList;
			buildConfigurations = (
				E22C9B2C2C01517200D2984D /* Debug */,
				E22C9B2D2C01517200D2984D /* Release */,
			);
			defaultConfigurationIsVisible = 0;
			defaultConfigurationName = Release;
		};
/* End XCConfigurationList section */

/* Begin XCRemoteSwiftPackageReference section */
		E22166A12C0657CA00D9FCF7 /* XCRemoteSwiftPackageReference "FullDiskAccess" */ = {
			isa = XCRemoteSwiftPackageReference;
			repositoryURL = "git@github.com:inket/FullDiskAccess.git";
			requirement = {
				kind = upToNextMajorVersion;
				minimumVersion = 1.0.0;
			};
		};
		E299E0962C0232D500F1BDB5 /* XCRemoteSwiftPackageReference "SQLite.swift" */ = {
			isa = XCRemoteSwiftPackageReference;
			repositoryURL = "https://github.com/stephencelis/SQLite.swift.git";
			requirement = {
				kind = upToNextMajorVersion;
				minimumVersion = 0.15.3;
			};
		};
		E299E0992C024A4700F1BDB5 /* XCRemoteSwiftPackageReference "LaunchAtLogin-Modern" */ = {
			isa = XCRemoteSwiftPackageReference;
			repositoryURL = "https://github.com/sindresorhus/LaunchAtLogin-Modern";
			requirement = {
				branch = main;
				kind = branch;
			};
		};
		E299E09C2C026A0900F1BDB5 /* XCRemoteSwiftPackageReference "Defaults" */ = {
			isa = XCRemoteSwiftPackageReference;
			repositoryURL = "https://github.com/sindresorhus/Defaults";
			requirement = {
				branch = main;
				kind = branch;
			};
		};
		E2EF8F882C04D3E100AC3652 /* XCRemoteSwiftPackageReference "Telegraph" */ = {
			isa = XCRemoteSwiftPackageReference;
			repositoryURL = "https://github.com/Building42/Telegraph.git";
			requirement = {
				kind = upToNextMajorVersion;
				minimumVersion = 0.40.0;
			};
		};
/* End XCRemoteSwiftPackageReference section */

/* Begin XCSwiftPackageProductDependency section */
		E20BA1E82C0165D80052B8FC /* SQLite */ = {
			isa = XCSwiftPackageProductDependency;
			productName = SQLite;
		};
		E22166A22C0657CA00D9FCF7 /* FullDiskAccess */ = {
			isa = XCSwiftPackageProductDependency;
			package = E22166A12C0657CA00D9FCF7 /* XCRemoteSwiftPackageReference "FullDiskAccess" */;
			productName = FullDiskAccess;
		};
		E299E0972C0232D500F1BDB5 /* SQLite */ = {
			isa = XCSwiftPackageProductDependency;
			package = E299E0962C0232D500F1BDB5 /* XCRemoteSwiftPackageReference "SQLite.swift" */;
			productName = SQLite;
		};
		E299E09A2C024A4700F1BDB5 /* LaunchAtLogin */ = {
			isa = XCSwiftPackageProductDependency;
			package = E299E0992C024A4700F1BDB5 /* XCRemoteSwiftPackageReference "LaunchAtLogin-Modern" */;
			productName = LaunchAtLogin;
		};
		E299E09D2C026A0900F1BDB5 /* Defaults */ = {
			isa = XCSwiftPackageProductDependency;
			package = E299E09C2C026A0900F1BDB5 /* XCRemoteSwiftPackageReference "Defaults" */;
			productName = Defaults;
		};
		E2EF8F892C04D3E100AC3652 /* Telegraph */ = {
			isa = XCSwiftPackageProductDependency;
			package = E2EF8F882C04D3E100AC3652 /* XCRemoteSwiftPackageReference "Telegraph" */;
			productName = Telegraph;
		};
/* End XCSwiftPackageProductDependency section */
	};
	rootObject = E22C9AFC2C01517100D2984D /* Project object */;
}
